// !$*UTF8*$!
{
	archiveVersion = 1;
	classes = {
	};
	objectVersion = 46;
	objects = {

/* Begin PBXBuildFile section */
		28073E610FFC347200D2602B /* QuickComic.qlgenerator in Copy Quicklook plugin */ = {isa = PBXBuildFile; fileRef = 28073E2F0FFC327700D2602B /* QuickComic.qlgenerator */; settings = {ATTRIBUTES = (CodeSignOnCopy, ); }; };
		2813145B0C0A7D5200EC007B /* Credits.rtf in Resources */ = {isa = PBXBuildFile; fileRef = 281314590C0A7D5200EC007B /* Credits.rtf */; };
		2813145E0C0A7D7900EC007B /* Localizable.strings in Resources */ = {isa = PBXBuildFile; fileRef = 2813145C0C0A7D7900EC007B /* Localizable.strings */; };
		281314830C0A7E4900EC007B /* InfoPlist.strings in Resources */ = {isa = PBXBuildFile; fileRef = 281314810C0A7E4900EC007B /* InfoPlist.strings */; };
		281954EA0C1201E6001F5E95 /* TSSTManagedGroup.m in Sources */ = {isa = PBXBuildFile; fileRef = 281954E80C1201E5001F5E95 /* TSSTManagedGroup.m */; };
		281C0D700CEE6FBA009A9696 /* TSSTBezelWindow.m in Sources */ = {isa = PBXBuildFile; fileRef = 283C4D7B0C43DF5300DB4FE9 /* TSSTBezelWindow.m */; };
		283C4D5E0C43DE6900DB4FE9 /* TSSTImageUtilities.m in Sources */ = {isa = PBXBuildFile; fileRef = 283C4D5C0C43DE6800DB4FE9 /* TSSTImageUtilities.m */; };
		284348130DA95C4A00F602E2 /* UniversalDetector.framework in Copy Frameworks */ = {isa = PBXBuildFile; fileRef = 284348050DA95C4300F602E2 /* UniversalDetector.framework */; settings = {ATTRIBUTES = (CodeSignOnCopy, ); }; };
		284348140DA95C4A00F602E2 /* XADMaster.framework in Copy Frameworks */ = {isa = PBXBuildFile; fileRef = 284348060DA95C4300F602E2 /* XADMaster.framework */; settings = {ATTRIBUTES = (CodeSignOnCopy, ); }; };
		284348CD0DA95C5300F602E2 /* UniversalDetector.framework in Frameworks */ = {isa = PBXBuildFile; fileRef = 284348050DA95C4300F602E2 /* UniversalDetector.framework */; };
		284348CE0DA95C5300F602E2 /* XADMaster.framework in Frameworks */ = {isa = PBXBuildFile; fileRef = 284348060DA95C4300F602E2 /* XADMaster.framework */; };
		284741461071B4820033BD88 /* TSSTGradientView.m in Sources */ = {isa = PBXBuildFile; fileRef = 283C4D680C43DE8D00DB4FE9 /* TSSTGradientView.m */; };
		284D381B101249BE00A37AB2 /* DTToolbarItems.m in Sources */ = {isa = PBXBuildFile; fileRef = 284D381A101249BE00A37AB2 /* DTToolbarItems.m */; };
		2851C5A00FC8651C002927E0 /* dsa_pub.pem in Resources */ = {isa = PBXBuildFile; fileRef = 2851C59F0FC8651C002927E0 /* dsa_pub.pem */; };
		285B4A700B9B9F23006A4727 /* TSSTPageView.m in Sources */ = {isa = PBXBuildFile; fileRef = FA7257EF08A6CE2E006A2A19 /* TSSTPageView.m */; };
		285FE3300F945E2300CD8F96 /* Carbon.framework in Frameworks */ = {isa = PBXBuildFile; fileRef = 285FE32F0F945E2300CD8F96 /* Carbon.framework */; };
		286236020AADDB6200B83E77 /* QuartzCore.framework in Frameworks */ = {isa = PBXBuildFile; fileRef = 286236010AADDB6200B83E77 /* QuartzCore.framework */; };
		286AEDB70C4161C20031E3D9 /* TSSTSortDescriptor.m in Sources */ = {isa = PBXBuildFile; fileRef = 286AEDB60C4161C20031E3D9 /* TSSTSortDescriptor.m */; };
		286BA1110C4D5F3100E9D06D /* TSSTSessionWindowController.m in Sources */ = {isa = PBXBuildFile; fileRef = 28FA4FA50B8AA28000496668 /* TSSTSessionWindowController.m */; };
		286BA19E0C4D819400E9D06D /* TSSTInfoWindow.m in Sources */ = {isa = PBXBuildFile; fileRef = 286BA19A0C4D819400E9D06D /* TSSTInfoWindow.m */; };
		286BA1A00C4D819400E9D06D /* TSSTImageView.m in Sources */ = {isa = PBXBuildFile; fileRef = 286BA19C0C4D819400E9D06D /* TSSTImageView.m */; };
		287D0C1210F0595900207768 /* Sessions_DataModel.xcdatamodel in Sources */ = {isa = PBXBuildFile; fileRef = 770B37EC0679A11B001EADE2 /* Sessions_DataModel.xcdatamodel */; };
		2895F9DA0B67D224008683C6 /* TSSTPage.m in Sources */ = {isa = PBXBuildFile; fileRef = 2895F9D80B67D224008683C6 /* TSSTPage.m */; };
		28A2660A1285C34300ED6391 /* Preferences.xib in Resources */ = {isa = PBXBuildFile; fileRef = 28A266081285C34300ED6391 /* Preferences.xib */; };
		28A2660E1285C35700ED6391 /* MainMenu.xib in Resources */ = {isa = PBXBuildFile; fileRef = 28A2660C1285C35700ED6391 /* MainMenu.xib */; };
		28A266161285C3A700ED6391 /* TSSTSessionWindow.xib in Resources */ = {isa = PBXBuildFile; fileRef = 28A266141285C3A700ED6391 /* TSSTSessionWindow.xib */; };
		28A266301285C73200ED6391 /* DTPreferencesController.m in Sources */ = {isa = PBXBuildFile; fileRef = 28A2662F1285C73200ED6391 /* DTPreferencesController.m */; };
		28B34A731013779B006C551C /* DTSessionWindow.m in Sources */ = {isa = PBXBuildFile; fileRef = 28B34A721013779B006C551C /* DTSessionWindow.m */; };
		28BD08E60C9836E600BD7EAF /* Quartz.framework in Frameworks */ = {isa = PBXBuildFile; fileRef = 28BD08E50C9836E600BD7EAF /* Quartz.framework */; };
		28C1D4080DF18251003392B4 /* TSSTManagedSession.m in Sources */ = {isa = PBXBuildFile; fileRef = 2803B2FF0D5E541800CD7906 /* TSSTManagedSession.m */; };
		28C1D5600DF1FE37003392B4 /* QuickLook.framework in Frameworks */ = {isa = PBXBuildFile; fileRef = 28C1D55F0DF1FE37003392B4 /* QuickLook.framework */; };
		28E39CCB10A5CD6900A027A3 /* DTPolishedProgressBar.m in Sources */ = {isa = PBXBuildFile; fileRef = 28E39CCA10A5CD6900A027A3 /* DTPolishedProgressBar.m */; };
		28EF3FC00E9970BD002AD2EE /* UKXattrMetadataStore.m in Sources */ = {isa = PBXBuildFile; fileRef = 28EF3FBF0E9970BD002AD2EE /* UKXattrMetadataStore.m */; };
		28F660461067255600EC8A34 /* Help in Resources */ = {isa = PBXBuildFile; fileRef = 28F6603B1067255600EC8A34 /* Help */; };
		28FA89161094DA53005D6F0C /* TSSTKeyWindow.m in Sources */ = {isa = PBXBuildFile; fileRef = 28F998320A1FF52C0047BD97 /* TSSTKeyWindow.m */; };
		28FAECCF0C7CA801001D7001 /* TSSTThumbnailView.m in Sources */ = {isa = PBXBuildFile; fileRef = 28FAECCD0C7CA801001D7001 /* TSSTThumbnailView.m */; };
		5589952E1A13D4450058830B /* Media.xcassets in Resources */ = {isa = PBXBuildFile; fileRef = 5589952D1A13D4450058830B /* Media.xcassets */; };
		77C8280E06725ACE000B614F /* SimpleComicAppDelegate.m in Sources */ = {isa = PBXBuildFile; fileRef = 77C8280C06725ACE000B614F /* SimpleComicAppDelegate.m */; };
		8D11072D0486CEB800E47090 /* main.m in Sources */ = {isa = PBXBuildFile; fileRef = 29B97316FDCFA39411CA2CEA /* main.m */; settings = {ATTRIBUTES = (); }; };
		8D11072F0486CEB800E47090 /* Cocoa.framework in Frameworks */ = {isa = PBXBuildFile; fileRef = 1058C7A1FEA54F0111CA2CBB /* Cocoa.framework */; };
		A6D63DA717C2B8F2000272F1 /* TSSTSegmentedControl.m in Sources */ = {isa = PBXBuildFile; fileRef = 28770B6D0DBA8B1C00A78646 /* TSSTSegmentedControl.m */; };
		FA9FB53508AADA270085AA55 /* TSSTCustomValueTransformers.m in Sources */ = {isa = PBXBuildFile; fileRef = FA9FB53408AADA270085AA55 /* TSSTCustomValueTransformers.m */; };
/* End PBXBuildFile section */

/* Begin PBXContainerItemProxy section */
		28073E2E0FFC327700D2602B /* PBXContainerItemProxy */ = {
			isa = PBXContainerItemProxy;
			containerPortal = 28073DE20FFC2F8B00D2602B /* QuickComic.xcodeproj */;
			proxyType = 2;
			remoteGlobalIDString = 8D576316048677EA00EA77CD;
			remoteInfo = QuickComic;
		};
		283637F2100A9C16004D9131 /* PBXContainerItemProxy */ = {
			isa = PBXContainerItemProxy;
			containerPortal = 28073DE20FFC2F8B00D2602B /* QuickComic.xcodeproj */;
			proxyType = 1;
			remoteGlobalIDString = 8D57630D048677EA00EA77CD;
			remoteInfo = QuickComic;
		};
/* End PBXContainerItemProxy section */

/* Begin PBXCopyFilesBuildPhase section */
		28073E0A0FFC305400D2602B /* Copy Quicklook plugin */ = {
			isa = PBXCopyFilesBuildPhase;
			buildActionMask = 2147483647;
			dstPath = Contents/Library/QuickLook;
			dstSubfolderSpec = 1;
			files = (
				28073E610FFC347200D2602B /* QuickComic.qlgenerator in Copy Quicklook plugin */,
			);
			name = "Copy Quicklook plugin";
			runOnlyForDeploymentPostprocessing = 0;
		};
		280B6BBA0A1BB34600EE91B0 /* Copy Frameworks */ = {
			isa = PBXCopyFilesBuildPhase;
			buildActionMask = 2147483647;
			dstPath = "";
			dstSubfolderSpec = 10;
			files = (
				284348130DA95C4A00F602E2 /* UniversalDetector.framework in Copy Frameworks */,
				284348140DA95C4A00F602E2 /* XADMaster.framework in Copy Frameworks */,
			);
			name = "Copy Frameworks";
			runOnlyForDeploymentPostprocessing = 0;
		};
/* End PBXCopyFilesBuildPhase section */

/* Begin PBXFileReference section */
		1058C7A1FEA54F0111CA2CBB /* Cocoa.framework */ = {isa = PBXFileReference; lastKnownFileType = wrapper.framework; name = Cocoa.framework; path = /System/Library/Frameworks/Cocoa.framework; sourceTree = "<absolute>"; };
		2803B2FE0D5E541800CD7906 /* TSSTManagedSession.h */ = {isa = PBXFileReference; fileEncoding = 4; lastKnownFileType = sourcecode.c.h; path = TSSTManagedSession.h; sourceTree = "<group>"; };
		2803B2FF0D5E541800CD7906 /* TSSTManagedSession.m */ = {isa = PBXFileReference; fileEncoding = 4; lastKnownFileType = sourcecode.c.objc; path = TSSTManagedSession.m; sourceTree = "<group>"; };
		28073DE20FFC2F8B00D2602B /* QuickComic.xcodeproj */ = {isa = PBXFileReference; lastKnownFileType = "wrapper.pb-project"; name = QuickComic.xcodeproj; path = QuickComic/QuickComic.xcodeproj; sourceTree = "<group>"; };
		280CFF100C48943B0099D111 /* TSSTCRTProgressBar.h */ = {isa = PBXFileReference; fileEncoding = 30; lastKnownFileType = sourcecode.c.h; name = TSSTCRTProgressBar.h; path = "Classes/Custom Controls/TSSTCRTProgressBar.h"; sourceTree = SOURCE_ROOT; };
		280CFF110C48943B0099D111 /* TSSTCRTProgressBar.m */ = {isa = PBXFileReference; fileEncoding = 30; lastKnownFileType = sourcecode.c.objc; name = TSSTCRTProgressBar.m; path = "Classes/Custom Controls/TSSTCRTProgressBar.m"; sourceTree = SOURCE_ROOT; };
		280FB7A50CD577730053F375 /* TSSTCustomValueTransformers.h */ = {isa = PBXFileReference; fileEncoding = 4; lastKnownFileType = sourcecode.c.h; path = TSSTCustomValueTransformers.h; sourceTree = "<group>"; };
		2813145A0C0A7D5200EC007B /* en */ = {isa = PBXFileReference; lastKnownFileType = text.rtf; name = en; path = en.lproj/Credits.rtf; sourceTree = "<group>"; };
		2813145D0C0A7D7900EC007B /* en */ = {isa = PBXFileReference; fileEncoding = 4; lastKnownFileType = text.plist.strings; name = en; path = en.lproj/Localizable.strings; sourceTree = "<group>"; };
		281314820C0A7E4900EC007B /* en */ = {isa = PBXFileReference; fileEncoding = 4; lastKnownFileType = text.plist.strings; name = en; path = en.lproj/InfoPlist.strings; sourceTree = "<group>"; };
		281954E70C1201E5001F5E95 /* TSSTManagedGroup.h */ = {isa = PBXFileReference; fileEncoding = 4; lastKnownFileType = sourcecode.c.h; path = TSSTManagedGroup.h; sourceTree = "<group>"; };
		281954E80C1201E5001F5E95 /* TSSTManagedGroup.m */ = {isa = PBXFileReference; fileEncoding = 4; lastKnownFileType = sourcecode.c.objc; path = TSSTManagedGroup.m; sourceTree = "<group>"; };
		28195B410C166DF5001F5E95 /* Info.plist */ = {isa = PBXFileReference; fileEncoding = 30; lastKnownFileType = text.plist.xml; name = Info.plist; path = ../Info.plist; sourceTree = "<group>"; };
		283C4D5C0C43DE6800DB4FE9 /* TSSTImageUtilities.m */ = {isa = PBXFileReference; fileEncoding = 4; lastKnownFileType = sourcecode.c.objc; path = TSSTImageUtilities.m; sourceTree = "<group>"; };
		283C4D5D0C43DE6800DB4FE9 /* TSSTImageUtilities.h */ = {isa = PBXFileReference; fileEncoding = 4; lastKnownFileType = sourcecode.c.h; path = TSSTImageUtilities.h; sourceTree = "<group>"; };
		283C4D680C43DE8D00DB4FE9 /* TSSTGradientView.m */ = {isa = PBXFileReference; fileEncoding = 4; lastKnownFileType = sourcecode.c.objc; path = TSSTGradientView.m; sourceTree = "<group>"; };
		283C4D690C43DE8D00DB4FE9 /* TSSTGradientView.h */ = {isa = PBXFileReference; fileEncoding = 4; lastKnownFileType = sourcecode.c.h; path = TSSTGradientView.h; sourceTree = "<group>"; };
		283C4D7B0C43DF5300DB4FE9 /* TSSTBezelWindow.m */ = {isa = PBXFileReference; fileEncoding = 4; lastKnownFileType = sourcecode.c.objc; name = TSSTBezelWindow.m; path = "Classes/Custom Windows/Bezel/TSSTBezelWindow.m"; sourceTree = "<group>"; };
		283C4D7C0C43DF5300DB4FE9 /* TSSTBezelWindow.h */ = {isa = PBXFileReference; fileEncoding = 4; lastKnownFileType = sourcecode.c.h; name = TSSTBezelWindow.h; path = "Classes/Custom Windows/Bezel/TSSTBezelWindow.h"; sourceTree = "<group>"; };
		284348050DA95C4300F602E2 /* UniversalDetector.framework */ = {isa = PBXFileReference; lastKnownFileType = wrapper.framework; name = UniversalDetector.framework; path = Frameworks/UniversalDetector.framework; sourceTree = "<group>"; };
		284348060DA95C4300F602E2 /* XADMaster.framework */ = {isa = PBXFileReference; lastKnownFileType = wrapper.framework; name = XADMaster.framework; path = Frameworks/XADMaster.framework; sourceTree = "<group>"; };
		284A53550DEA60E40003F9F4 /* TSSTBookmarkSplitView.h */ = {isa = PBXFileReference; fileEncoding = 4; lastKnownFileType = sourcecode.c.h; path = TSSTBookmarkSplitView.h; sourceTree = "<group>"; };
		284A53560DEA60E40003F9F4 /* TSSTBookmarkSplitView.m */ = {isa = PBXFileReference; fileEncoding = 4; lastKnownFileType = sourcecode.c.objc; path = TSSTBookmarkSplitView.m; sourceTree = "<group>"; };
		284D3819101249BE00A37AB2 /* DTToolbarItems.h */ = {isa = PBXFileReference; fileEncoding = 4; lastKnownFileType = sourcecode.c.h; path = DTToolbarItems.h; sourceTree = "<group>"; };
		284D381A101249BE00A37AB2 /* DTToolbarItems.m */ = {isa = PBXFileReference; fileEncoding = 4; lastKnownFileType = sourcecode.c.objc; path = DTToolbarItems.m; sourceTree = "<group>"; };
		2851C59F0FC8651C002927E0 /* dsa_pub.pem */ = {isa = PBXFileReference; fileEncoding = 4; lastKnownFileType = text; name = dsa_pub.pem; path = ../dsa_pub.pem; sourceTree = "<group>"; };
		285D15610DFB8D8D00F648F7 /* TSSTPagePreview.h */ = {isa = PBXFileReference; fileEncoding = 4; lastKnownFileType = sourcecode.c.h; name = TSSTPagePreview.h; path = Classes/Preferences/TSSTPagePreview.h; sourceTree = SOURCE_ROOT; };
		285D15620DFB8D8D00F648F7 /* TSSTPagePreview.m */ = {isa = PBXFileReference; fileEncoding = 4; lastKnownFileType = sourcecode.c.objc; name = TSSTPagePreview.m; path = Classes/Preferences/TSSTPagePreview.m; sourceTree = SOURCE_ROOT; };
		285FE32F0F945E2300CD8F96 /* Carbon.framework */ = {isa = PBXFileReference; lastKnownFileType = wrapper.framework; name = Carbon.framework; path = /System/Library/Frameworks/Carbon.framework; sourceTree = "<absolute>"; };
		286236010AADDB6200B83E77 /* QuartzCore.framework */ = {isa = PBXFileReference; lastKnownFileType = wrapper.framework; name = QuartzCore.framework; path = /System/Library/Frameworks/QuartzCore.framework; sourceTree = "<absolute>"; };
		286AEDB60C4161C20031E3D9 /* TSSTSortDescriptor.m */ = {isa = PBXFileReference; fileEncoding = 4; lastKnownFileType = sourcecode.c.objc; path = TSSTSortDescriptor.m; sourceTree = "<group>"; };
		286BA19A0C4D819400E9D06D /* TSSTInfoWindow.m */ = {isa = PBXFileReference; fileEncoding = 4; lastKnownFileType = sourcecode.c.objc; path = TSSTInfoWindow.m; sourceTree = "<group>"; };
		286BA19B0C4D819400E9D06D /* TSSTInfoWindow.h */ = {isa = PBXFileReference; fileEncoding = 4; lastKnownFileType = sourcecode.c.h; path = TSSTInfoWindow.h; sourceTree = "<group>"; };
		286BA19C0C4D819400E9D06D /* TSSTImageView.m */ = {isa = PBXFileReference; fileEncoding = 4; lastKnownFileType = sourcecode.c.objc; path = TSSTImageView.m; sourceTree = "<group>"; };
		286BA19D0C4D819400E9D06D /* TSSTImageView.h */ = {isa = PBXFileReference; fileEncoding = 4; lastKnownFileType = sourcecode.c.h; path = TSSTImageView.h; sourceTree = "<group>"; };
		28728DD40D4A9CA800AA16C0 /* TSSTShortcutController.h */ = {isa = PBXFileReference; fileEncoding = 4; lastKnownFileType = sourcecode.c.h; name = TSSTShortcutController.h; path = Classes/Preferences/TSSTShortcutController.h; sourceTree = SOURCE_ROOT; };
		28728DD50D4A9CA800AA16C0 /* TSSTShortcutController.m */ = {isa = PBXFileReference; fileEncoding = 4; lastKnownFileType = sourcecode.c.objc; name = TSSTShortcutController.m; path = Classes/Preferences/TSSTShortcutController.m; sourceTree = SOURCE_ROOT; };
		28728E050D4A9F3600AA16C0 /* KeyboardPrefsPane-Info.plist */ = {isa = PBXFileReference; lastKnownFileType = text.plist.xml; path = "KeyboardPrefsPane-Info.plist"; sourceTree = SOURCE_ROOT; };
		28728E0E0D4AA39200AA16C0 /* KeyboardPrefController.h */ = {isa = PBXFileReference; fileEncoding = 4; lastKnownFileType = sourcecode.c.h; name = KeyboardPrefController.h; path = Classes/Preferences/KeyboardPrefController.h; sourceTree = SOURCE_ROOT; };
		28728E0F0D4AA39200AA16C0 /* KeyboardPrefController.m */ = {isa = PBXFileReference; fileEncoding = 4; lastKnownFileType = sourcecode.c.objc; name = KeyboardPrefController.m; path = Classes/Preferences/KeyboardPrefController.m; sourceTree = SOURCE_ROOT; };
		287293DE0D4D9DFE00AA16C0 /* TSSTKeyTableView.h */ = {isa = PBXFileReference; fileEncoding = 4; lastKnownFileType = sourcecode.c.h; name = TSSTKeyTableView.h; path = Classes/Preferences/TSSTKeyTableView.h; sourceTree = SOURCE_ROOT; };
		287293DF0D4D9DFE00AA16C0 /* TSSTKeyTableView.m */ = {isa = PBXFileReference; fileEncoding = 4; lastKnownFileType = sourcecode.c.objc; name = TSSTKeyTableView.m; path = Classes/Preferences/TSSTKeyTableView.m; sourceTree = SOURCE_ROOT; };
		28770B6A0DBA8B1C00A78646 /* TSSTSegmentedCell.h */ = {isa = PBXFileReference; fileEncoding = 4; lastKnownFileType = sourcecode.c.h; name = TSSTSegmentedCell.h; path = "Classes/Segmented Controls/TSSTSegmentedCell.h"; sourceTree = SOURCE_ROOT; };
		28770B6B0DBA8B1C00A78646 /* TSSTSegmentedCell.m */ = {isa = PBXFileReference; fileEncoding = 4; lastKnownFileType = sourcecode.c.objc; name = TSSTSegmentedCell.m; path = "Classes/Segmented Controls/TSSTSegmentedCell.m"; sourceTree = SOURCE_ROOT; };
		28770B6C0DBA8B1C00A78646 /* TSSTSegmentedControl.h */ = {isa = PBXFileReference; fileEncoding = 4; lastKnownFileType = sourcecode.c.h; path = TSSTSegmentedControl.h; sourceTree = "<group>"; };
		28770B6D0DBA8B1C00A78646 /* TSSTSegmentedControl.m */ = {isa = PBXFileReference; fileEncoding = 4; lastKnownFileType = sourcecode.c.objc; path = TSSTSegmentedControl.m; sourceTree = "<group>"; };
		28770BF50DBAC74600A78646 /* TSSTFullscreenProgressBar.h */ = {isa = PBXFileReference; fileEncoding = 4; lastKnownFileType = sourcecode.c.h; name = TSSTFullscreenProgressBar.h; path = "Classes/Custom Controls/TSSTFullscreenProgressBar.h"; sourceTree = SOURCE_ROOT; };
		28770BF60DBAC74600A78646 /* TSSTFullscreenProgressBar.m */ = {isa = PBXFileReference; fileEncoding = 4; lastKnownFileType = sourcecode.c.objc; name = TSSTFullscreenProgressBar.m; path = "Classes/Custom Controls/TSSTFullscreenProgressBar.m"; sourceTree = SOURCE_ROOT; };
		288693090FED554E002C6BF7 /* Keyboard.icns */ = {isa = PBXFileReference; lastKnownFileType = image.icns; path = Keyboard.icns; sourceTree = "<group>"; };
		288C09C50DC80B7500EAFF46 /* TSSTManagedBookmark.h */ = {isa = PBXFileReference; fileEncoding = 4; lastKnownFileType = sourcecode.c.h; name = TSSTManagedBookmark.h; path = "Classes/Managed Objects/TSSTManagedBookmark.h"; sourceTree = SOURCE_ROOT; };
		288C09C60DC80B7500EAFF46 /* TSSTManagedBookmark.m */ = {isa = PBXFileReference; fileEncoding = 4; lastKnownFileType = sourcecode.c.objc; name = TSSTManagedBookmark.m; path = "Classes/Managed Objects/TSSTManagedBookmark.m"; sourceTree = SOURCE_ROOT; };
		288C0AF50DCB8BDE00EAFF46 /* TSSTManagedBookmarkGroup.h */ = {isa = PBXFileReference; fileEncoding = 4; lastKnownFileType = sourcecode.c.h; name = TSSTManagedBookmarkGroup.h; path = "Classes/Managed Objects/TSSTManagedBookmarkGroup.h"; sourceTree = SOURCE_ROOT; };
		288C0AF60DCB8BDE00EAFF46 /* TSSTManagedBookmarkGroup.m */ = {isa = PBXFileReference; fileEncoding = 4; lastKnownFileType = sourcecode.c.objc; name = TSSTManagedBookmarkGroup.m; path = "Classes/Managed Objects/TSSTManagedBookmarkGroup.m"; sourceTree = SOURCE_ROOT; };
		288C0B1B0DCCD82200EAFF46 /* TSSTBookmarkTreeController.h */ = {isa = PBXFileReference; fileEncoding = 4; lastKnownFileType = sourcecode.c.h; path = TSSTBookmarkTreeController.h; sourceTree = "<group>"; };
		288C0B1C0DCCD82200EAFF46 /* TSSTBookmarkTreeController.m */ = {isa = PBXFileReference; fileEncoding = 4; lastKnownFileType = sourcecode.c.objc; path = TSSTBookmarkTreeController.m; sourceTree = "<group>"; };
		288C0BD70DCD470200EAFF46 /* TSSTBookmarkWindowController.h */ = {isa = PBXFileReference; fileEncoding = 4; lastKnownFileType = sourcecode.c.h; path = TSSTBookmarkWindowController.h; sourceTree = "<group>"; };
		288C0BD80DCD470200EAFF46 /* TSSTBookmarkWindowController.m */ = {isa = PBXFileReference; fileEncoding = 4; lastKnownFileType = sourcecode.c.objc; path = TSSTBookmarkWindowController.m; sourceTree = "<group>"; };
		2895F9D80B67D224008683C6 /* TSSTPage.m */ = {isa = PBXFileReference; fileEncoding = 4; lastKnownFileType = sourcecode.c.objc; path = TSSTPage.m; sourceTree = "<group>"; };
		28A2662E1285C73200ED6391 /* DTPreferencesController.h */ = {isa = PBXFileReference; fileEncoding = 4; lastKnownFileType = sourcecode.c.h; path = DTPreferencesController.h; sourceTree = "<group>"; };
		28A2662F1285C73200ED6391 /* DTPreferencesController.m */ = {isa = PBXFileReference; fileEncoding = 4; lastKnownFileType = sourcecode.c.objc; path = DTPreferencesController.m; sourceTree = "<group>"; };
		28A8EAB00B412DE5006C036D /* TSSTPageView.h */ = {isa = PBXFileReference; fileEncoding = 4; lastKnownFileType = sourcecode.c.h; path = TSSTPageView.h; sourceTree = "<group>"; };
		28B34A711013779A006C551C /* DTSessionWindow.h */ = {isa = PBXFileReference; fileEncoding = 4; lastKnownFileType = sourcecode.c.h; name = DTSessionWindow.h; path = "Classes/Custom Windows/DTSessionWindow.h"; sourceTree = SOURCE_ROOT; };
		28B34A721013779B006C551C /* DTSessionWindow.m */ = {isa = PBXFileReference; fileEncoding = 4; lastKnownFileType = sourcecode.c.objc; name = DTSessionWindow.m; path = "Classes/Custom Windows/DTSessionWindow.m"; sourceTree = SOURCE_ROOT; };
		28BD08E50C9836E600BD7EAF /* Quartz.framework */ = {isa = PBXFileReference; lastKnownFileType = wrapper.framework; name = Quartz.framework; path = /System/Library/Frameworks/Quartz.framework; sourceTree = "<absolute>"; };
		28C1D55C0DF1FD72003392B4 /* NSImage+QuickLook.h */ = {isa = PBXFileReference; fileEncoding = 4; lastKnownFileType = sourcecode.c.h; name = "NSImage+QuickLook.h"; path = "Classes/Helpers/NSImage+QuickLook.h"; sourceTree = SOURCE_ROOT; };
		28C1D55D0DF1FD72003392B4 /* NSImage+QuickLook.m */ = {isa = PBXFileReference; fileEncoding = 4; lastKnownFileType = sourcecode.c.objc; name = "NSImage+QuickLook.m"; path = "Classes/Helpers/NSImage+QuickLook.m"; sourceTree = SOURCE_ROOT; };
		28C1D55F0DF1FE37003392B4 /* QuickLook.framework */ = {isa = PBXFileReference; lastKnownFileType = wrapper.framework; name = QuickLook.framework; path = /System/Library/Frameworks/QuickLook.framework; sourceTree = "<absolute>"; };
		28C1D70E0DF21DA7003392B4 /* TSSTCoverView.h */ = {isa = PBXFileReference; fileEncoding = 4; lastKnownFileType = sourcecode.c.h; path = TSSTCoverView.h; sourceTree = "<group>"; };
		28C1D70F0DF21DA7003392B4 /* TSSTCoverView.m */ = {isa = PBXFileReference; fileEncoding = 4; lastKnownFileType = sourcecode.c.objc; path = TSSTCoverView.m; sourceTree = "<group>"; };
		28C49D8A0DD53C05008E4857 /* TSSTBookmarkTableView.h */ = {isa = PBXFileReference; fileEncoding = 4; lastKnownFileType = sourcecode.c.h; path = TSSTBookmarkTableView.h; sourceTree = "<group>"; };
		28C49D8B0DD53C05008E4857 /* TSSTBookmarkTableView.m */ = {isa = PBXFileReference; fileEncoding = 4; lastKnownFileType = sourcecode.c.objc; path = TSSTBookmarkTableView.m; sourceTree = "<group>"; };
		28E39CC910A5CD6900A027A3 /* DTPolishedProgressBar.h */ = {isa = PBXFileReference; fileEncoding = 4; lastKnownFileType = sourcecode.c.h; path = DTPolishedProgressBar.h; sourceTree = "<group>"; };
		28E39CCA10A5CD6900A027A3 /* DTPolishedProgressBar.m */ = {isa = PBXFileReference; fileEncoding = 4; lastKnownFileType = sourcecode.c.objc; path = DTPolishedProgressBar.m; sourceTree = "<group>"; };
		28EBCE960DE74B87009A7DC1 /* NSFileManager+UTI_Category.h */ = {isa = PBXFileReference; fileEncoding = 4; lastKnownFileType = sourcecode.c.h; name = "NSFileManager+UTI_Category.h"; path = "Classes/Helpers/NSFileManager+UTI_Category.h"; sourceTree = SOURCE_ROOT; };
		28EBCE970DE74B87009A7DC1 /* NSFileManager+UTI_Category.m */ = {isa = PBXFileReference; fileEncoding = 4; lastKnownFileType = sourcecode.c.objc; name = "NSFileManager+UTI_Category.m"; path = "Classes/Helpers/NSFileManager+UTI_Category.m"; sourceTree = SOURCE_ROOT; };
		28EF3FBE0E9970BD002AD2EE /* UKXattrMetadataStore.h */ = {isa = PBXFileReference; fileEncoding = 4; lastKnownFileType = sourcecode.c.h; path = UKXattrMetadataStore.h; sourceTree = "<group>"; };
		28EF3FBF0E9970BD002AD2EE /* UKXattrMetadataStore.m */ = {isa = PBXFileReference; fileEncoding = 4; lastKnownFileType = sourcecode.c.objc; path = UKXattrMetadataStore.m; sourceTree = "<group>"; };
		28F59A9A0B784892003530FB /* TSSTSortDescriptor.h */ = {isa = PBXFileReference; fileEncoding = 4; lastKnownFileType = sourcecode.c.h; path = TSSTSortDescriptor.h; sourceTree = "<group>"; };
		28F5A5F00B7E0F8B003530FB /* TSSTPage.h */ = {isa = PBXFileReference; fileEncoding = 4; lastKnownFileType = sourcecode.c.h; path = TSSTPage.h; sourceTree = "<group>"; };
		28F6603C1067255600EC8A34 /* en */ = {isa = PBXFileReference; lastKnownFileType = folder; name = en; path = en.lproj/Help; sourceTree = "<group>"; };
		28F998310A1FF52C0047BD97 /* TSSTKeyWindow.h */ = {isa = PBXFileReference; fileEncoding = 4; lastKnownFileType = sourcecode.c.h; name = TSSTKeyWindow.h; path = "Classes/Custom Windows/Fullscreen/TSSTKeyWindow.h"; sourceTree = "<group>"; };
		28F998320A1FF52C0047BD97 /* TSSTKeyWindow.m */ = {isa = PBXFileReference; fileEncoding = 4; lastKnownFileType = sourcecode.c.objc; name = TSSTKeyWindow.m; path = "Classes/Custom Windows/Fullscreen/TSSTKeyWindow.m"; sourceTree = "<group>"; };
		28FA4FA40B8AA28000496668 /* TSSTSessionWindowController.h */ = {isa = PBXFileReference; fileEncoding = 4; lastKnownFileType = sourcecode.c.h; path = TSSTSessionWindowController.h; sourceTree = "<group>"; };
		28FA4FA50B8AA28000496668 /* TSSTSessionWindowController.m */ = {isa = PBXFileReference; fileEncoding = 4; lastKnownFileType = sourcecode.c.objc; path = TSSTSessionWindowController.m; sourceTree = "<group>"; };
		28FACB810CD01D93007B7918 /* SS_PrefsController.h */ = {isa = PBXFileReference; fileEncoding = 30; lastKnownFileType = sourcecode.c.h; name = SS_PrefsController.h; path = Classes/Preferences/SS_PrefsController.h; sourceTree = SOURCE_ROOT; };
		28FACB820CD01D93007B7918 /* SS_PrefsController.m */ = {isa = PBXFileReference; fileEncoding = 30; lastKnownFileType = sourcecode.c.objc; name = SS_PrefsController.m; path = Classes/Preferences/SS_PrefsController.m; sourceTree = SOURCE_ROOT; };
		28FACBD30CD02635007B7918 /* AdvancedPrefController.h */ = {isa = PBXFileReference; fileEncoding = 30; lastKnownFileType = sourcecode.c.h; name = AdvancedPrefController.h; path = Classes/Preferences/AdvancedPrefController.h; sourceTree = SOURCE_ROOT; };
		28FACBD40CD02635007B7918 /* AdvancedPrefController.m */ = {isa = PBXFileReference; fileEncoding = 30; lastKnownFileType = sourcecode.c.objc; name = AdvancedPrefController.m; path = Classes/Preferences/AdvancedPrefController.m; sourceTree = SOURCE_ROOT; };
		28FACBD70CD02643007B7918 /* GeneralPrefController.h */ = {isa = PBXFileReference; fileEncoding = 30; lastKnownFileType = sourcecode.c.h; name = GeneralPrefController.h; path = Classes/Preferences/GeneralPrefController.h; sourceTree = SOURCE_ROOT; };
		28FACBD80CD02643007B7918 /* GeneralPrefController.m */ = {isa = PBXFileReference; fileEncoding = 30; lastKnownFileType = sourcecode.c.objc; name = GeneralPrefController.m; path = Classes/Preferences/GeneralPrefController.m; sourceTree = SOURCE_ROOT; };
		28FACC7D0CD03BBB007B7918 /* AdvancedPrefsPane-Info.plist */ = {isa = PBXFileReference; lastKnownFileType = text.plist.xml; path = "AdvancedPrefsPane-Info.plist"; sourceTree = SOURCE_ROOT; };
		28FACCA90CD0CF3E007B7918 /* GeneralPrefsPane-Info.plist */ = {isa = PBXFileReference; lastKnownFileType = text.plist.xml; path = "GeneralPrefsPane-Info.plist"; sourceTree = SOURCE_ROOT; };
		28FAD7600CD3CF52007B7918 /* SS_PreferencePaneProtocol.h */ = {isa = PBXFileReference; fileEncoding = 30; lastKnownFileType = sourcecode.c.h; name = SS_PreferencePaneProtocol.h; path = Classes/Preferences/SS_PreferencePaneProtocol.h; sourceTree = SOURCE_ROOT; };
		28FAECCC0C7CA801001D7001 /* TSSTThumbnailView.h */ = {isa = PBXFileReference; fileEncoding = 4; lastKnownFileType = sourcecode.c.h; name = TSSTThumbnailView.h; path = Session/TSSTThumbnailView.h; sourceTree = "<group>"; };
		28FAECCD0C7CA801001D7001 /* TSSTThumbnailView.m */ = {isa = PBXFileReference; fileEncoding = 4; lastKnownFileType = sourcecode.c.objc; name = TSSTThumbnailView.m; path = Session/TSSTThumbnailView.m; sourceTree = "<group>"; };
		29B97316FDCFA39411CA2CEA /* main.m */ = {isa = PBXFileReference; fileEncoding = 4; lastKnownFileType = sourcecode.c.objc; path = main.m; sourceTree = "<group>"; };
		29B97324FDCFA39411CA2CEA /* AppKit.framework */ = {isa = PBXFileReference; lastKnownFileType = wrapper.framework; name = AppKit.framework; path = /System/Library/Frameworks/AppKit.framework; sourceTree = "<absolute>"; };
		29B97325FDCFA39411CA2CEA /* Foundation.framework */ = {isa = PBXFileReference; lastKnownFileType = wrapper.framework; name = Foundation.framework; path = /System/Library/Frameworks/Foundation.framework; sourceTree = "<absolute>"; };
		32CA4F630368D1EE00C91783 /* SimpleComic_Prefix.pch */ = {isa = PBXFileReference; fileEncoding = 4; lastKnownFileType = sourcecode.c.h; path = SimpleComic_Prefix.pch; sourceTree = "<group>"; };
		5589952D1A13D4450058830B /* Media.xcassets */ = {isa = PBXFileReference; lastKnownFileType = folder.assetcatalog; path = Media.xcassets; sourceTree = "<group>"; };
		55C373DF1BD99DBB006385B6 /* Base */ = {isa = PBXFileReference; lastKnownFileType = file.xib; name = Base; path = Base.lproj/MainMenu.xib; sourceTree = "<group>"; };
		55C373E01BD99DD1006385B6 /* zh-Hans */ = {isa = PBXFileReference; lastKnownFileType = text.plist.strings; name = "zh-Hans"; path = "zh-Hans.lproj/MainMenu.strings"; sourceTree = "<group>"; };
		55C373E21BD99DD9006385B6 /* en */ = {isa = PBXFileReference; lastKnownFileType = text.plist.strings; name = en; path = en.lproj/MainMenu.strings; sourceTree = "<group>"; };
		55C373E31BD99E0A006385B6 /* Base */ = {isa = PBXFileReference; lastKnownFileType = file.xib; name = Base; path = Base.lproj/Preferences.xib; sourceTree = "<group>"; };
		55C373E41BD99E15006385B6 /* en */ = {isa = PBXFileReference; lastKnownFileType = text.plist.strings; name = en; path = en.lproj/Preferences.strings; sourceTree = "<group>"; };
		55C373E51BD99E1C006385B6 /* zh-Hans */ = {isa = PBXFileReference; lastKnownFileType = text.plist.strings; name = "zh-Hans"; path = "zh-Hans.lproj/Preferences.strings"; sourceTree = "<group>"; };
		55C373E61BD9A108006385B6 /* Base */ = {isa = PBXFileReference; lastKnownFileType = file.xib; name = Base; path = Base.lproj/TSSTSessionWindow.xib; sourceTree = "<group>"; };
		55C373E71BD9A113006385B6 /* en */ = {isa = PBXFileReference; lastKnownFileType = text.plist.strings; name = en; path = en.lproj/TSSTSessionWindow.strings; sourceTree = "<group>"; };
		55C373E81BD9A119006385B6 /* zh-Hans */ = {isa = PBXFileReference; lastKnownFileType = text.plist.strings; name = "zh-Hans"; path = "zh-Hans.lproj/TSSTSessionWindow.strings"; sourceTree = "<group>"; };
		55C373EA1BD9AEF4006385B6 /* fr */ = {isa = PBXFileReference; lastKnownFileType = text.plist.strings; name = fr; path = fr.lproj/InfoPlist.strings; sourceTree = "<group>"; };
		55C373EB1BD9AEFD006385B6 /* fr */ = {isa = PBXFileReference; lastKnownFileType = text.plist.strings; name = fr; path = fr.lproj/Localizable.strings; sourceTree = "<group>"; };
		55C373ED1BD9AFD3006385B6 /* fr */ = {isa = PBXFileReference; lastKnownFileType = text.plist.strings; name = fr; path = fr.lproj/Preferences.strings; sourceTree = "<group>"; };
		55C373EF1BD9AFD9006385B6 /* fr */ = {isa = PBXFileReference; lastKnownFileType = text.plist.strings; name = fr; path = fr.lproj/MainMenu.strings; sourceTree = "<group>"; };
		55C373F11BD9AFDE006385B6 /* fr */ = {isa = PBXFileReference; lastKnownFileType = text.plist.strings; name = fr; path = fr.lproj/TSSTSessionWindow.strings; sourceTree = "<group>"; };
		64777B8B1A4212E40064A356 /* zh-Hans */ = {isa = PBXFileReference; lastKnownFileType = text.plist.strings; name = "zh-Hans"; path = "zh-Hans.lproj/InfoPlist.strings"; sourceTree = "<group>"; };
		64E3ED821A45B00300B9C97B /* zh-Hans */ = {isa = PBXFileReference; lastKnownFileType = text.plist.strings; name = "zh-Hans"; path = "zh-Hans.lproj/Localizable.strings"; sourceTree = "<group>"; };
		770B37EC0679A11B001EADE2 /* Sessions_DataModel.xcdatamodel */ = {isa = PBXFileReference; fileEncoding = 4; lastKnownFileType = wrapper.xcdatamodel; path = Sessions_DataModel.xcdatamodel; sourceTree = "<group>"; };
		77C82804067257F0000B614F /* CoreData.framework */ = {isa = PBXFileReference; lastKnownFileType = wrapper.framework; name = CoreData.framework; path = /System/Library/Frameworks/CoreData.framework; sourceTree = "<absolute>"; };
		77C8280B06725ACE000B614F /* SimpleComicAppDelegate.h */ = {isa = PBXFileReference; fileEncoding = 4; lastKnownFileType = sourcecode.c.h; path = SimpleComicAppDelegate.h; sourceTree = "<group>"; };
		77C8280C06725ACE000B614F /* SimpleComicAppDelegate.m */ = {isa = PBXFileReference; fileEncoding = 4; lastKnownFileType = sourcecode.c.objc; path = SimpleComicAppDelegate.m; sourceTree = "<group>"; };
		8D1107320486CEB800E47090 /* Simple Comic.app */ = {isa = PBXFileReference; explicitFileType = wrapper.application; includeInIndex = 0; path = "Simple Comic.app"; sourceTree = BUILT_PRODUCTS_DIR; };
		FA7257EF08A6CE2E006A2A19 /* TSSTPageView.m */ = {isa = PBXFileReference; fileEncoding = 4; lastKnownFileType = sourcecode.c.objc; path = TSSTPageView.m; sourceTree = "<group>"; };
		FA9FB53408AADA270085AA55 /* TSSTCustomValueTransformers.m */ = {isa = PBXFileReference; fileEncoding = 4; lastKnownFileType = sourcecode.c.objc; path = TSSTCustomValueTransformers.m; sourceTree = "<group>"; };
/* End PBXFileReference section */

/* Begin PBXFrameworksBuildPhase section */
		8D11072E0486CEB800E47090 /* Frameworks */ = {
			isa = PBXFrameworksBuildPhase;
			buildActionMask = 2147483647;
			files = (
				284348CD0DA95C5300F602E2 /* UniversalDetector.framework in Frameworks */,
				284348CE0DA95C5300F602E2 /* XADMaster.framework in Frameworks */,
				8D11072F0486CEB800E47090 /* Cocoa.framework in Frameworks */,
				286236020AADDB6200B83E77 /* QuartzCore.framework in Frameworks */,
				28BD08E60C9836E600BD7EAF /* Quartz.framework in Frameworks */,
				28C1D5600DF1FE37003392B4 /* QuickLook.framework in Frameworks */,
				285FE3300F945E2300CD8F96 /* Carbon.framework in Frameworks */,
			);
			runOnlyForDeploymentPostprocessing = 0;
		};
/* End PBXFrameworksBuildPhase section */

/* Begin PBXGroup section */
		080E96DDFE201D6D7F000001 /* Classes */ = {
			isa = PBXGroup;
			children = (
				77C8280B06725ACE000B614F /* SimpleComicAppDelegate.h */,
				77C8280C06725ACE000B614F /* SimpleComicAppDelegate.m */,
				FAA1C3E808BAB158006F7EC4 /* Session */,
				288C0C420DCDAB7200EAFF46 /* Thumbnail View */,
				289CD7620BF15CCC00B5AE01 /* Progress Bar */,
				28195CFA0C179DBD001F5E95 /* Fullscreen */,
				FA9FB59508AAE3690085AA55 /* Preferences */,
				28FA4DD50B8A6F3B00496668 /* Managed Objects */,
				281C0DC40CEEA16D009A9696 /* Helpers */,
				28770B670DBA8B1C00A78646 /* Fullscreen Controls */,
				287C611C106F80A9001463C6 /* Unused */,
			);
			path = Classes;
			sourceTree = "<group>";
		};
		1058C7A0FEA54F0111CA2CBB /* Linked Frameworks */ = {
			isa = PBXGroup;
			children = (
				285FE32F0F945E2300CD8F96 /* Carbon.framework */,
				28C1D55F0DF1FE37003392B4 /* QuickLook.framework */,
				28BD08E50C9836E600BD7EAF /* Quartz.framework */,
				286236010AADDB6200B83E77 /* QuartzCore.framework */,
				1058C7A1FEA54F0111CA2CBB /* Cocoa.framework */,
			);
			name = "Linked Frameworks";
			sourceTree = "<group>";
		};
		1058C7A2FEA54F0111CA2CBB /* Other Frameworks */ = {
			isa = PBXGroup;
			children = (
				284348050DA95C4300F602E2 /* UniversalDetector.framework */,
				284348060DA95C4300F602E2 /* XADMaster.framework */,
				77C82804067257F0000B614F /* CoreData.framework */,
				29B97325FDCFA39411CA2CEA /* Foundation.framework */,
				29B97324FDCFA39411CA2CEA /* AppKit.framework */,
			);
			name = "Other Frameworks";
			sourceTree = "<group>";
		};
		19C28FACFE9D520D11CA2CBB /* Products */ = {
			isa = PBXGroup;
			children = (
				8D1107320486CEB800E47090 /* Simple Comic.app */,
			);
			name = Products;
			sourceTree = "<group>";
		};
		28073E2B0FFC327700D2602B /* Products */ = {
			isa = PBXGroup;
			children = (
				28073E2F0FFC327700D2602B /* QuickComic.qlgenerator */,
			);
			name = Products;
			sourceTree = "<group>";
		};
		28195CFA0C179DBD001F5E95 /* Fullscreen */ = {
			isa = PBXGroup;
			children = (
				283C4D7C0C43DF5300DB4FE9 /* TSSTBezelWindow.h */,
				283C4D7B0C43DF5300DB4FE9 /* TSSTBezelWindow.m */,
				28F998310A1FF52C0047BD97 /* TSSTKeyWindow.h */,
				28F998320A1FF52C0047BD97 /* TSSTKeyWindow.m */,
			);
			name = Fullscreen;
			sourceTree = SOURCE_ROOT;
		};
		281C0DC40CEEA16D009A9696 /* Helpers */ = {
			isa = PBXGroup;
			children = (
				283C4D690C43DE8D00DB4FE9 /* TSSTGradientView.h */,
				283C4D680C43DE8D00DB4FE9 /* TSSTGradientView.m */,
				283C4D5D0C43DE6800DB4FE9 /* TSSTImageUtilities.h */,
				283C4D5C0C43DE6800DB4FE9 /* TSSTImageUtilities.m */,
				28EF3FBE0E9970BD002AD2EE /* UKXattrMetadataStore.h */,
				28EF3FBF0E9970BD002AD2EE /* UKXattrMetadataStore.m */,
				28F59A9A0B784892003530FB /* TSSTSortDescriptor.h */,
				286AEDB60C4161C20031E3D9 /* TSSTSortDescriptor.m */,
				280FB7A50CD577730053F375 /* TSSTCustomValueTransformers.h */,
				FA9FB53408AADA270085AA55 /* TSSTCustomValueTransformers.m */,
			);
			path = Helpers;
			sourceTree = "<group>";
		};
		28770B670DBA8B1C00A78646 /* Fullscreen Controls */ = {
			isa = PBXGroup;
			children = (
				28770B6C0DBA8B1C00A78646 /* TSSTSegmentedControl.h */,
				28770B6D0DBA8B1C00A78646 /* TSSTSegmentedControl.m */,
			);
			name = "Fullscreen Controls";
			path = "Classes/Segmented Controls";
			sourceTree = SOURCE_ROOT;
		};
		287C611C106F80A9001463C6 /* Unused */ = {
			isa = PBXGroup;
			children = (
				28770B6A0DBA8B1C00A78646 /* TSSTSegmentedCell.h */,
				28770B6B0DBA8B1C00A78646 /* TSSTSegmentedCell.m */,
				28FAD7600CD3CF52007B7918 /* SS_PreferencePaneProtocol.h */,
				28FACB810CD01D93007B7918 /* SS_PrefsController.h */,
				28FACB820CD01D93007B7918 /* SS_PrefsController.m */,
				28FACCA90CD0CF3E007B7918 /* GeneralPrefsPane-Info.plist */,
				28FACBD70CD02643007B7918 /* GeneralPrefController.h */,
				28FACBD80CD02643007B7918 /* GeneralPrefController.m */,
				28FACC7D0CD03BBB007B7918 /* AdvancedPrefsPane-Info.plist */,
				28FACBD30CD02635007B7918 /* AdvancedPrefController.h */,
				28FACBD40CD02635007B7918 /* AdvancedPrefController.m */,
				285D15610DFB8D8D00F648F7 /* TSSTPagePreview.h */,
				285D15620DFB8D8D00F648F7 /* TSSTPagePreview.m */,
				28728DD40D4A9CA800AA16C0 /* TSSTShortcutController.h */,
				28728DD50D4A9CA800AA16C0 /* TSSTShortcutController.m */,
				28728E050D4A9F3600AA16C0 /* KeyboardPrefsPane-Info.plist */,
				28728E0E0D4AA39200AA16C0 /* KeyboardPrefController.h */,
				28728E0F0D4AA39200AA16C0 /* KeyboardPrefController.m */,
				287293DE0D4D9DFE00AA16C0 /* TSSTKeyTableView.h */,
				287293DF0D4D9DFE00AA16C0 /* TSSTKeyTableView.m */,
				280CFF100C48943B0099D111 /* TSSTCRTProgressBar.h */,
				280CFF110C48943B0099D111 /* TSSTCRTProgressBar.m */,
				28770BF50DBAC74600A78646 /* TSSTFullscreenProgressBar.h */,
				28770BF60DBAC74600A78646 /* TSSTFullscreenProgressBar.m */,
				288C0BDA0DCD471100EAFF46 /* Bookmarks */,
				28EBCE960DE74B87009A7DC1 /* NSFileManager+UTI_Category.h */,
				28EBCE970DE74B87009A7DC1 /* NSFileManager+UTI_Category.m */,
				28C1D55C0DF1FD72003392B4 /* NSImage+QuickLook.h */,
				28C1D55D0DF1FD72003392B4 /* NSImage+QuickLook.m */,
			);
			name = Unused;
			path = Helpers;
			sourceTree = SOURCE_ROOT;
		};
		288693080FED554E002C6BF7 /* images */ = {
			isa = PBXGroup;
			children = (
				288693090FED554E002C6BF7 /* Keyboard.icns */,
			);
			path = images;
			sourceTree = "<group>";
		};
		288C0BDA0DCD471100EAFF46 /* Bookmarks */ = {
			isa = PBXGroup;
			children = (
				288C09C50DC80B7500EAFF46 /* TSSTManagedBookmark.h */,
				288C09C60DC80B7500EAFF46 /* TSSTManagedBookmark.m */,
				288C0AF50DCB8BDE00EAFF46 /* TSSTManagedBookmarkGroup.h */,
				288C0AF60DCB8BDE00EAFF46 /* TSSTManagedBookmarkGroup.m */,
				288C0BD70DCD470200EAFF46 /* TSSTBookmarkWindowController.h */,
				288C0BD80DCD470200EAFF46 /* TSSTBookmarkWindowController.m */,
				288C0B1B0DCCD82200EAFF46 /* TSSTBookmarkTreeController.h */,
				288C0B1C0DCCD82200EAFF46 /* TSSTBookmarkTreeController.m */,
				28C49D8A0DD53C05008E4857 /* TSSTBookmarkTableView.h */,
				28C49D8B0DD53C05008E4857 /* TSSTBookmarkTableView.m */,
				284A53550DEA60E40003F9F4 /* TSSTBookmarkSplitView.h */,
				284A53560DEA60E40003F9F4 /* TSSTBookmarkSplitView.m */,
				28C1D70E0DF21DA7003392B4 /* TSSTCoverView.h */,
				28C1D70F0DF21DA7003392B4 /* TSSTCoverView.m */,
			);
			name = Bookmarks;
			path = Classes/Bookmarks;
			sourceTree = SOURCE_ROOT;
		};
		288C0C420DCDAB7200EAFF46 /* Thumbnail View */ = {
			isa = PBXGroup;
			children = (
				28FAECCC0C7CA801001D7001 /* TSSTThumbnailView.h */,
				28FAECCD0C7CA801001D7001 /* TSSTThumbnailView.m */,
			);
			name = "Thumbnail View";
			path = Classes;
			sourceTree = SOURCE_ROOT;
		};
		289CD7620BF15CCC00B5AE01 /* Progress Bar */ = {
			isa = PBXGroup;
			children = (
				28E39CC910A5CD6900A027A3 /* DTPolishedProgressBar.h */,
				28E39CCA10A5CD6900A027A3 /* DTPolishedProgressBar.m */,
				286BA19B0C4D819400E9D06D /* TSSTInfoWindow.h */,
				286BA19A0C4D819400E9D06D /* TSSTInfoWindow.m */,
				286BA19D0C4D819400E9D06D /* TSSTImageView.h */,
				286BA19C0C4D819400E9D06D /* TSSTImageView.m */,
			);
			path = "Progress Bar";
			sourceTree = "<group>";
		};
		28FA4DD50B8A6F3B00496668 /* Managed Objects */ = {
			isa = PBXGroup;
			children = (
				28F5A5F00B7E0F8B003530FB /* TSSTPage.h */,
				2895F9D80B67D224008683C6 /* TSSTPage.m */,
				281954E70C1201E5001F5E95 /* TSSTManagedGroup.h */,
				281954E80C1201E5001F5E95 /* TSSTManagedGroup.m */,
				2803B2FE0D5E541800CD7906 /* TSSTManagedSession.h */,
				2803B2FF0D5E541800CD7906 /* TSSTManagedSession.m */,
			);
			path = "Managed Objects";
			sourceTree = "<group>";
		};
		29B97314FDCFA39411CA2CEA /* MetaComic */ = {
			isa = PBXGroup;
			children = (
				7756732906782D8800D1FEB8 /* Models */,
				080E96DDFE201D6D7F000001 /* Classes */,
				28073DE20FFC2F8B00D2602B /* QuickComic.xcodeproj */,
				29B97315FDCFA39411CA2CEA /* Other Sources */,
				29B97317FDCFA39411CA2CEA /* Resources */,
				29B97323FDCFA39411CA2CEA /* Frameworks */,
				19C28FACFE9D520D11CA2CBB /* Products */,
			);
			name = MetaComic;
			sourceTree = "<group>";
		};
		29B97315FDCFA39411CA2CEA /* Other Sources */ = {
			isa = PBXGroup;
			children = (
				32CA4F630368D1EE00C91783 /* SimpleComic_Prefix.pch */,
				29B97316FDCFA39411CA2CEA /* main.m */,
			);
			name = "Other Sources";
			sourceTree = "<group>";
		};
		29B97317FDCFA39411CA2CEA /* Resources */ = {
			isa = PBXGroup;
			children = (
				5589952D1A13D4450058830B /* Media.xcassets */,
				28A266081285C34300ED6391 /* Preferences.xib */,
				28A2660C1285C35700ED6391 /* MainMenu.xib */,
				28A266141285C3A700ED6391 /* TSSTSessionWindow.xib */,
				28F6603B1067255600EC8A34 /* Help */,
				288693080FED554E002C6BF7 /* images */,
				2851C59F0FC8651C002927E0 /* dsa_pub.pem */,
				28195B410C166DF5001F5E95 /* Info.plist */,
				281314810C0A7E4900EC007B /* InfoPlist.strings */,
				2813145C0C0A7D7900EC007B /* Localizable.strings */,
				281314590C0A7D5200EC007B /* Credits.rtf */,
			);
			path = Resources;
			sourceTree = "<group>";
		};
		29B97323FDCFA39411CA2CEA /* Frameworks */ = {
			isa = PBXGroup;
			children = (
				1058C7A0FEA54F0111CA2CBB /* Linked Frameworks */,
				1058C7A2FEA54F0111CA2CBB /* Other Frameworks */,
			);
			name = Frameworks;
			sourceTree = "<group>";
		};
		7756732906782D8800D1FEB8 /* Models */ = {
			isa = PBXGroup;
			children = (
				287D0C0310F058BB00207768 /* Sessions_DataModel.xcdatamodeld */,
			);
			name = Models;
			sourceTree = "<group>";
		};
		A6C528F418161AAA00D14EA7 /* Depreciated */ = {
			isa = PBXGroup;
			children = (
			);
			name = Depreciated;
			path = ..;
			sourceTree = "<group>";
		};
		FA9FB59508AAE3690085AA55 /* Preferences */ = {
			isa = PBXGroup;
			children = (
				28A2662E1285C73200ED6391 /* DTPreferencesController.h */,
				28A2662F1285C73200ED6391 /* DTPreferencesController.m */,
			);
			path = Preferences;
			sourceTree = "<group>";
		};
		FAA1C3E808BAB158006F7EC4 /* Session */ = {
			isa = PBXGroup;
			children = (
				A6C528F418161AAA00D14EA7 /* Depreciated */,
				28FA4FA40B8AA28000496668 /* TSSTSessionWindowController.h */,
				28FA4FA50B8AA28000496668 /* TSSTSessionWindowController.m */,
				28A8EAB00B412DE5006C036D /* TSSTPageView.h */,
				FA7257EF08A6CE2E006A2A19 /* TSSTPageView.m */,
				284D3819101249BE00A37AB2 /* DTToolbarItems.h */,
				284D381A101249BE00A37AB2 /* DTToolbarItems.m */,
				28B34A711013779A006C551C /* DTSessionWindow.h */,
				28B34A721013779B006C551C /* DTSessionWindow.m */,
			);
			path = Session;
			sourceTree = "<group>";
		};
/* End PBXGroup section */

/* Begin PBXNativeTarget section */
		8D1107260486CEB800E47090 /* Simple Comic */ = {
			isa = PBXNativeTarget;
			buildConfigurationList = FA7257E208A6CDEB006A2A19 /* Build configuration list for PBXNativeTarget "Simple Comic" */;
			buildPhases = (
				8D11072C0486CEB800E47090 /* Sources */,
				8D11072E0486CEB800E47090 /* Frameworks */,
				8D1107290486CEB800E47090 /* Resources */,
				280B6BBA0A1BB34600EE91B0 /* Copy Frameworks */,
				28073E0A0FFC305400D2602B /* Copy Quicklook plugin */,
			);
			buildRules = (
			);
			dependencies = (
				283637F3100A9C16004D9131 /* PBXTargetDependency */,
			);
			name = "Simple Comic";
			productInstallPath = "$(HOME)/Applications";
			productName = MetaComic;
			productReference = 8D1107320486CEB800E47090 /* Simple Comic.app */;
			productType = "com.apple.product-type.application";
		};
/* End PBXNativeTarget section */

/* Begin PBXProject section */
		29B97313FDCFA39411CA2CEA /* Project object */ = {
			isa = PBXProject;
			attributes = {
				LastUpgradeCheck = 0710;
			};
			buildConfigurationList = FA7257E608A6CDEB006A2A19 /* Build configuration list for PBXProject "SimpleComic" */;
			compatibilityVersion = "Xcode 3.2";
			developmentRegion = English;
			hasScannedForEncodings = 1;
			knownRegions = (
				English,
				Japanese,
				French,
				German,
				zh_TW,
				ko,
				Korean,
				Portuguese,
				Italian,
				"zh-Hans",
				Base,
				en,
				fr,
			);
			mainGroup = 29B97314FDCFA39411CA2CEA /* MetaComic */;
			projectDirPath = "";
			projectReferences = (
				{
					ProductGroup = 28073E2B0FFC327700D2602B /* Products */;
					ProjectRef = 28073DE20FFC2F8B00D2602B /* QuickComic.xcodeproj */;
				},
			);
			projectRoot = "";
			targets = (
				8D1107260486CEB800E47090 /* Simple Comic */,
			);
		};
/* End PBXProject section */

/* Begin PBXReferenceProxy section */
		28073E2F0FFC327700D2602B /* QuickComic.qlgenerator */ = {
			isa = PBXReferenceProxy;
			fileType = wrapper.cfbundle;
			path = QuickComic.qlgenerator;
			remoteRef = 28073E2E0FFC327700D2602B /* PBXContainerItemProxy */;
			sourceTree = BUILT_PRODUCTS_DIR;
		};
/* End PBXReferenceProxy section */

/* Begin PBXResourcesBuildPhase section */
		8D1107290486CEB800E47090 /* Resources */ = {
			isa = PBXResourcesBuildPhase;
			buildActionMask = 2147483647;
			files = (
				2813145B0C0A7D5200EC007B /* Credits.rtf in Resources */,
				2813145E0C0A7D7900EC007B /* Localizable.strings in Resources */,
				281314830C0A7E4900EC007B /* InfoPlist.strings in Resources */,
				2851C5A00FC8651C002927E0 /* dsa_pub.pem in Resources */,
				5589952E1A13D4450058830B /* Media.xcassets in Resources */,
				28F660461067255600EC8A34 /* Help in Resources */,
				28A2660A1285C34300ED6391 /* Preferences.xib in Resources */,
				28A2660E1285C35700ED6391 /* MainMenu.xib in Resources */,
				28A266161285C3A700ED6391 /* TSSTSessionWindow.xib in Resources */,
			);
			runOnlyForDeploymentPostprocessing = 0;
		};
/* End PBXResourcesBuildPhase section */

/* Begin PBXSourcesBuildPhase section */
		8D11072C0486CEB800E47090 /* Sources */ = {
			isa = PBXSourcesBuildPhase;
			buildActionMask = 2147483647;
			files = (
				8D11072D0486CEB800E47090 /* main.m in Sources */,
				77C8280E06725ACE000B614F /* SimpleComicAppDelegate.m in Sources */,
				FA9FB53508AADA270085AA55 /* TSSTCustomValueTransformers.m in Sources */,
				2895F9DA0B67D224008683C6 /* TSSTPage.m in Sources */,
				286BA1110C4D5F3100E9D06D /* TSSTSessionWindowController.m in Sources */,
				285B4A700B9B9F23006A4727 /* TSSTPageView.m in Sources */,
				281954EA0C1201E6001F5E95 /* TSSTManagedGroup.m in Sources */,
				286AEDB70C4161C20031E3D9 /* TSSTSortDescriptor.m in Sources */,
				283C4D5E0C43DE6900DB4FE9 /* TSSTImageUtilities.m in Sources */,
				286BA19E0C4D819400E9D06D /* TSSTInfoWindow.m in Sources */,
				286BA1A00C4D819400E9D06D /* TSSTImageView.m in Sources */,
				28FAECCF0C7CA801001D7001 /* TSSTThumbnailView.m in Sources */,
				281C0D700CEE6FBA009A9696 /* TSSTBezelWindow.m in Sources */,
				28C1D4080DF18251003392B4 /* TSSTManagedSession.m in Sources */,
				A6D63DA717C2B8F2000272F1 /* TSSTSegmentedControl.m in Sources */,
				28EF3FC00E9970BD002AD2EE /* UKXattrMetadataStore.m in Sources */,
				284D381B101249BE00A37AB2 /* DTToolbarItems.m in Sources */,
				28B34A731013779B006C551C /* DTSessionWindow.m in Sources */,
				284741461071B4820033BD88 /* TSSTGradientView.m in Sources */,
				28FA89161094DA53005D6F0C /* TSSTKeyWindow.m in Sources */,
				28E39CCB10A5CD6900A027A3 /* DTPolishedProgressBar.m in Sources */,
				287D0C1210F0595900207768 /* Sessions_DataModel.xcdatamodel in Sources */,
				28A266301285C73200ED6391 /* DTPreferencesController.m in Sources */,
			);
			runOnlyForDeploymentPostprocessing = 0;
		};
/* End PBXSourcesBuildPhase section */

/* Begin PBXTargetDependency section */
		283637F3100A9C16004D9131 /* PBXTargetDependency */ = {
			isa = PBXTargetDependency;
			name = QuickComic;
			targetProxy = 283637F2100A9C16004D9131 /* PBXContainerItemProxy */;
		};
/* End PBXTargetDependency section */

/* Begin PBXVariantGroup section */
		281314590C0A7D5200EC007B /* Credits.rtf */ = {
			isa = PBXVariantGroup;
			children = (
				2813145A0C0A7D5200EC007B /* en */,
			);
			name = Credits.rtf;
			sourceTree = "<group>";
		};
		2813145C0C0A7D7900EC007B /* Localizable.strings */ = {
			isa = PBXVariantGroup;
			children = (
				2813145D0C0A7D7900EC007B /* en */,
				64E3ED821A45B00300B9C97B /* zh-Hans */,
				55C373EB1BD9AEFD006385B6 /* fr */,
			);
			name = Localizable.strings;
			sourceTree = "<group>";
		};
		281314810C0A7E4900EC007B /* InfoPlist.strings */ = {
			isa = PBXVariantGroup;
			children = (
				281314820C0A7E4900EC007B /* en */,
				64777B8B1A4212E40064A356 /* zh-Hans */,
				55C373EA1BD9AEF4006385B6 /* fr */,
			);
			name = InfoPlist.strings;
			sourceTree = "<group>";
		};
		28A266081285C34300ED6391 /* Preferences.xib */ = {
			isa = PBXVariantGroup;
			children = (
				55C373E31BD99E0A006385B6 /* Base */,
				55C373E41BD99E15006385B6 /* en */,
				55C373E51BD99E1C006385B6 /* zh-Hans */,
				55C373ED1BD9AFD3006385B6 /* fr */,
			);
			name = Preferences.xib;
			sourceTree = "<group>";
		};
		28A2660C1285C35700ED6391 /* MainMenu.xib */ = {
			isa = PBXVariantGroup;
			children = (
				55C373DF1BD99DBB006385B6 /* Base */,
				55C373E01BD99DD1006385B6 /* zh-Hans */,
				55C373E21BD99DD9006385B6 /* en */,
				55C373EF1BD9AFD9006385B6 /* fr */,
			);
			name = MainMenu.xib;
			sourceTree = "<group>";
		};
		28A266141285C3A700ED6391 /* TSSTSessionWindow.xib */ = {
			isa = PBXVariantGroup;
			children = (
				55C373E61BD9A108006385B6 /* Base */,
				55C373E71BD9A113006385B6 /* en */,
				55C373E81BD9A119006385B6 /* zh-Hans */,
				55C373F11BD9AFDE006385B6 /* fr */,
			);
			name = TSSTSessionWindow.xib;
			sourceTree = "<group>";
		};
		28F6603B1067255600EC8A34 /* Help */ = {
			isa = PBXVariantGroup;
			children = (
				28F6603C1067255600EC8A34 /* en */,
			);
			name = Help;
			sourceTree = "<group>";
		};
/* End PBXVariantGroup section */

/* Begin XCBuildConfiguration section */
		FA7257E308A6CDEB006A2A19 /* Debug */ = {
			isa = XCBuildConfiguration;
			buildSettings = {
				ASSETCATALOG_COMPILER_APPICON_NAME = sc_icon;
				CLANG_ENABLE_OBJC_ARC = YES;
				COMBINE_HIDPI_IMAGES = YES;
				COPY_PHASE_STRIP = NO;
				FRAMEWORK_SEARCH_PATHS = "$(SRCROOT)/Frameworks";
				GCC_DYNAMIC_NO_PIC = NO;
				GCC_ENABLE_OBJC_EXCEPTIONS = YES;
				GCC_GENERATE_DEBUGGING_SYMBOLS = YES;
				GCC_MODEL_TUNING = G4;
				GCC_PRECOMPILE_PREFIX_HEADER = YES;
				GCC_PREFIX_HEADER = SimpleComic_Prefix.pch;
				GCC_WARN_ABOUT_RETURN_TYPE = YES;
				GCC_WARN_MISSING_PARENTHESES = NO;
				GCC_WARN_UNUSED_VARIABLE = YES;
				HEADER_SEARCH_PATHS = "";
				INFOPLIST_FILE = Info.plist;
				LD_RUNPATH_SEARCH_PATHS = "@loader_path/../Frameworks";
				LIBRARY_SEARCH_PATHS = "$(SRCROOT)";
				OTHER_LDFLAGS = "";
				PRODUCT_BUNDLE_IDENTIFIER = com.tsst.simplecomic;
				PRODUCT_NAME = "Simple Comic";
				WRAPPER_EXTENSION = app;
				ZERO_LINK = NO;
			};
			name = Debug;
		};
		FA7257E408A6CDEB006A2A19 /* Release */ = {
			isa = XCBuildConfiguration;
			buildSettings = {
				ASSETCATALOG_COMPILER_APPICON_NAME = sc_icon;
				CLANG_ENABLE_OBJC_ARC = YES;
				COMBINE_HIDPI_IMAGES = YES;
				COPY_PHASE_STRIP = YES;
				DEAD_CODE_STRIPPING = YES;
				FRAMEWORK_SEARCH_PATHS = "$(SRCROOT)/Frameworks";
				GCC_ENABLE_OBJC_EXCEPTIONS = YES;
				GCC_ENABLE_PASCAL_STRINGS = NO;
				GCC_ENABLE_SSE3_EXTENSIONS = YES;
				GCC_ENABLE_SUPPLEMENTAL_SSE3_INSTRUCTIONS = YES;
				GCC_GENERATE_DEBUGGING_SYMBOLS = NO;
				GCC_PRECOMPILE_PREFIX_HEADER = YES;
				GCC_PREFIX_HEADER = SimpleComic_Prefix.pch;
				GCC_THREADSAFE_STATICS = YES;
				GCC_WARN_UNUSED_FUNCTION = YES;
				GCC_WARN_UNUSED_VARIABLE = YES;
				HEADER_SEARCH_PATHS = "";
				INFOPLIST_FILE = Info.plist;
				LD_RUNPATH_SEARCH_PATHS = "@loader_path/../Frameworks";
				LIBRARY_SEARCH_PATHS = "$(SRCROOT)";
				OTHER_CFLAGS = "-mdynamic-no-pic";
				PRODUCT_BUNDLE_IDENTIFIER = com.tsst.simplecomic;
				PRODUCT_NAME = "Simple Comic";
				STRIP_INSTALLED_PRODUCT = YES;
				WRAPPER_EXTENSION = app;
			};
			name = Release;
		};
		FA7257E708A6CDEB006A2A19 /* Debug */ = {
			isa = XCBuildConfiguration;
			buildSettings = {
				CLANG_ENABLE_MODULES = YES;
				CLANG_WARN_BOOL_CONVERSION = YES;
				CLANG_WARN_CONSTANT_CONVERSION = YES;
				CLANG_WARN_EMPTY_BODY = YES;
				CLANG_WARN_ENUM_CONVERSION = YES;
				CLANG_WARN_INT_CONVERSION = YES;
				CLANG_WARN_UNREACHABLE_CODE = YES;
				CLANG_WARN__DUPLICATE_METHOD_MATCH = YES;
				DEBUG_INFORMATION_FORMAT = "dwarf-with-dsym";
				ENABLE_STRICT_OBJC_MSGSEND = YES;
				ENABLE_TESTABILITY = YES;
				GCC_OPTIMIZATION_LEVEL = 0;
				GCC_PREFIX_HEADER = "";
				GCC_WARN_64_TO_32_BIT_CONVERSION = YES;
				GCC_WARN_ABOUT_RETURN_TYPE = YES;
				GCC_WARN_UNDECLARED_SELECTOR = YES;
				GCC_WARN_UNINITIALIZED_AUTOS = YES;
				GCC_WARN_UNUSED_FUNCTION = YES;
				GCC_WARN_UNUSED_VARIABLE = YES;
				MACOSX_DEPLOYMENT_TARGET = 10.9;
				ONLY_ACTIVE_ARCH = YES;
				SDKROOT = macosx;
			};
			name = Debug;
		};
		FA7257E808A6CDEB006A2A19 /* Release */ = {
			isa = XCBuildConfiguration;
			buildSettings = {
				CLANG_ENABLE_MODULES = YES;
				CLANG_WARN_BOOL_CONVERSION = YES;
				CLANG_WARN_CONSTANT_CONVERSION = YES;
				CLANG_WARN_EMPTY_BODY = YES;
				CLANG_WARN_ENUM_CONVERSION = YES;
				CLANG_WARN_INT_CONVERSION = YES;
				CLANG_WARN_UNREACHABLE_CODE = YES;
				CLANG_WARN__DUPLICATE_METHOD_MATCH = YES;
				DEBUG_INFORMATION_FORMAT = "dwarf-with-dsym";
				ENABLE_STRICT_OBJC_MSGSEND = YES;
				GCC_PREFIX_HEADER = "";
				GCC_WARN_64_TO_32_BIT_CONVERSION = YES;
				GCC_WARN_ABOUT_RETURN_TYPE = YES;
				GCC_WARN_UNDECLARED_SELECTOR = YES;
				GCC_WARN_UNINITIALIZED_AUTOS = YES;
				GCC_WARN_UNUSED_FUNCTION = YES;
				GCC_WARN_UNUSED_VARIABLE = YES;
				MACOSX_DEPLOYMENT_TARGET = 10.9;
				SDKROOT = macosx;
			};
			name = Release;
		};
/* End XCBuildConfiguration section */

/* Begin XCConfigurationList section */
		FA7257E208A6CDEB006A2A19 /* Build configuration list for PBXNativeTarget "Simple Comic" */ = {
			isa = XCConfigurationList;
			buildConfigurations = (
				FA7257E308A6CDEB006A2A19 /* Debug */,
				FA7257E408A6CDEB006A2A19 /* Release */,
			);
			defaultConfigurationIsVisible = 0;
			defaultConfigurationName = Release;
		};
		FA7257E608A6CDEB006A2A19 /* Build configuration list for PBXProject "SimpleComic" */ = {
			isa = XCConfigurationList;
			buildConfigurations = (
				FA7257E708A6CDEB006A2A19 /* Debug */,
				FA7257E808A6CDEB006A2A19 /* Release */,
			);
			defaultConfigurationIsVisible = 0;
			defaultConfigurationName = Release;
		};
/* End XCConfigurationList section */

/* Begin XCVersionGroup section */
		287D0C0310F058BB00207768 /* Sessions_DataModel.xcdatamodeld */ = {
			isa = XCVersionGroup;
			children = (
				770B37EC0679A11B001EADE2 /* Sessions_DataModel.xcdatamodel */,
			);
			currentVersion = 770B37EC0679A11B001EADE2 /* Sessions_DataModel.xcdatamodel */;
			path = Sessions_DataModel.xcdatamodeld;
			sourceTree = "<group>";
			versionGroupType = wrapper.xcdatamodel;
		};
/* End XCVersionGroup section */
	};
	rootObject = 29B97313FDCFA39411CA2CEA /* Project object */;
}
