// !$*UTF8*$!
{
	archiveVersion = 1;
	classes = {
	};
	objectVersion = 46;
	objects = {

/* Begin PBXBuildFile section */
		28073CB00FF9956600D2602B /* extract.tiff in Resources */ = {isa = PBXBuildFile; fileRef = 28073CAF0FF9956500D2602B /* extract.tiff */; };
		28073E610FFC347200D2602B /* QuickComic.qlgenerator in Copy Quicklook plugin */ = {isa = PBXBuildFile; fileRef = 28073E2F0FFC327700D2602B /* QuickComic.qlgenerator */; };
		2813145B0C0A7D5200EC007B /* Credits.rtf in Resources */ = {isa = PBXBuildFile; fileRef = 281314590C0A7D5200EC007B /* Credits.rtf */; };
		2813145E0C0A7D7900EC007B /* Localizable.strings in Resources */ = {isa = PBXBuildFile; fileRef = 2813145C0C0A7D7900EC007B /* Localizable.strings */; };
		281314830C0A7E4900EC007B /* InfoPlist.strings in Resources */ = {isa = PBXBuildFile; fileRef = 281314810C0A7E4900EC007B /* InfoPlist.strings */; };
		281954EA0C1201E6001F5E95 /* TSSTManagedGroup.m in Sources */ = {isa = PBXBuildFile; fileRef = 281954E80C1201E5001F5E95 /* TSSTManagedGroup.m */; };
		281C0D700CEE6FBA009A9696 /* TSSTBezelWindow.m in Sources */ = {isa = PBXBuildFile; fileRef = 283C4D7B0C43DF5300DB4FE9 /* TSSTBezelWindow.m */; };
		283C4D5E0C43DE6900DB4FE9 /* TSSTImageUtilities.m in Sources */ = {isa = PBXBuildFile; fileRef = 283C4D5C0C43DE6800DB4FE9 /* TSSTImageUtilities.m */; };
		284348140DA95C4A00F602E2 /* XADMaster.framework in CopyFiles */ = {isa = PBXBuildFile; fileRef = 284348060DA95C4300F602E2 /* XADMaster.framework */; };
		284348CE0DA95C5300F602E2 /* XADMaster.framework in Frameworks */ = {isa = PBXBuildFile; fileRef = 284348060DA95C4300F602E2 /* XADMaster.framework */; };
		284D381B101249BE00A37AB2 /* DTToolbarItems.m in Sources */ = {isa = PBXBuildFile; fileRef = 284D381A101249BE00A37AB2 /* DTToolbarItems.m */; };
		2851C5A00FC8651C002927E0 /* dsa_pub.pem in Resources */ = {isa = PBXBuildFile; fileRef = 2851C59F0FC8651C002927E0 /* dsa_pub.pem */; };
		285B4A700B9B9F23006A4727 /* TSSTPageView.m in Sources */ = {isa = PBXBuildFile; fileRef = FA7257EF08A6CE2E006A2A19 /* TSSTPageView.m */; };
		285FE3300F945E2300CD8F96 /* Carbon.framework in Frameworks */ = {isa = PBXBuildFile; fileRef = 285FE32F0F945E2300CD8F96 /* Carbon.framework */; };
		286236020AADDB6200B83E77 /* QuartzCore.framework in Frameworks */ = {isa = PBXBuildFile; fileRef = 286236010AADDB6200B83E77 /* QuartzCore.framework */; };
		286AB66A1159838C0087BA97 /* quicklook.tiff in Resources */ = {isa = PBXBuildFile; fileRef = 286AB6691159838C0087BA97 /* quicklook.tiff */; };
		286AB6D8115C3CFA0087BA97 /* sc_icon.icns in Resources */ = {isa = PBXBuildFile; fileRef = 286AB6D7115C3CFA0087BA97 /* sc_icon.icns */; };
		286AEDB70C4161C20031E3D9 /* TSSTSortDescriptor.m in Sources */ = {isa = PBXBuildFile; fileRef = 286AEDB60C4161C20031E3D9 /* TSSTSortDescriptor.m */; };
		286BA1110C4D5F3100E9D06D /* TSSTSessionWindowController.m in Sources */ = {isa = PBXBuildFile; fileRef = 28FA4FA50B8AA28000496668 /* TSSTSessionWindowController.m */; };
		286BA19E0C4D819400E9D06D /* TSSTInfoWindow.m in Sources */ = {isa = PBXBuildFile; fileRef = 286BA19A0C4D819400E9D06D /* TSSTInfoWindow.m */; };
		286BA1A00C4D819400E9D06D /* TSSTImageView.m in Sources */ = {isa = PBXBuildFile; fileRef = 286BA19C0C4D819400E9D06D /* TSSTImageView.m */; };
		287D0C1210F0595900207768 /* Sessions_DataModel.xcdatamodel in Sources */ = {isa = PBXBuildFile; fileRef = 770B37EC0679A11B001EADE2 /* Sessions_DataModel.xcdatamodel */; };
		288693010FED553A002C6BF7 /* 7z.icns in Resources */ = {isa = PBXBuildFile; fileRef = 288692FA0FED553A002C6BF7 /* 7z.icns */; };
		288693020FED553A002C6BF7 /* cbr.icns in Resources */ = {isa = PBXBuildFile; fileRef = 288692FB0FED553A002C6BF7 /* cbr.icns */; };
		288693030FED553A002C6BF7 /* cbz.icns in Resources */ = {isa = PBXBuildFile; fileRef = 288692FC0FED553A002C6BF7 /* cbz.icns */; };
		288693040FED553A002C6BF7 /* lzh.icns in Resources */ = {isa = PBXBuildFile; fileRef = 288692FD0FED553A002C6BF7 /* lzh.icns */; };
		288693050FED553A002C6BF7 /* rar.icns in Resources */ = {isa = PBXBuildFile; fileRef = 288692FE0FED553A002C6BF7 /* rar.icns */; };
		288693070FED553A002C6BF7 /* zip.icns in Resources */ = {isa = PBXBuildFile; fileRef = 288693000FED553A002C6BF7 /* zip.icns */; };
		2886931D0FED554E002C6BF7 /* Loupe.tiff in Resources */ = {isa = PBXBuildFile; fileRef = 2886930A0FED554E002C6BF7 /* Loupe.tiff */; };
		288693210FED554E002C6BF7 /* equal.tiff in Resources */ = {isa = PBXBuildFile; fileRef = 2886930E0FED554E002C6BF7 /* equal.tiff */; };
		288693230FED554E002C6BF7 /* hor_scale.tiff in Resources */ = {isa = PBXBuildFile; fileRef = 288693100FED554E002C6BF7 /* hor_scale.tiff */; };
		288693240FED554E002C6BF7 /* lr_order.tiff in Resources */ = {isa = PBXBuildFile; fileRef = 288693110FED554E002C6BF7 /* lr_order.tiff */; };
		288693250FED554E002C6BF7 /* one_page.tiff in Resources */ = {isa = PBXBuildFile; fileRef = 288693120FED554E002C6BF7 /* one_page.tiff */; };
		288693260FED554E002C6BF7 /* org_size.tiff in Resources */ = {isa = PBXBuildFile; fileRef = 288693130FED554E002C6BF7 /* org_size.tiff */; };
		288693290FED554E002C6BF7 /* rl_order.tiff in Resources */ = {isa = PBXBuildFile; fileRef = 288693160FED554E002C6BF7 /* rl_order.tiff */; };
		2886932A0FED554E002C6BF7 /* rotate_l.tiff in Resources */ = {isa = PBXBuildFile; fileRef = 288693170FED554E002C6BF7 /* rotate_l.tiff */; };
		2886932B0FED554E002C6BF7 /* rotate_r.tiff in Resources */ = {isa = PBXBuildFile; fileRef = 288693180FED554E002C6BF7 /* rotate_r.tiff */; };
		2886932C0FED554E002C6BF7 /* thumbnails.tiff in Resources */ = {isa = PBXBuildFile; fileRef = 288693190FED554E002C6BF7 /* thumbnails.tiff */; };
		2886932D0FED554E002C6BF7 /* two_page.tiff in Resources */ = {isa = PBXBuildFile; fileRef = 2886931A0FED554E002C6BF7 /* two_page.tiff */; };
		2886932E0FED554E002C6BF7 /* win_scale.tiff in Resources */ = {isa = PBXBuildFile; fileRef = 2886931B0FED554E002C6BF7 /* win_scale.tiff */; };
		2895F9DA0B67D224008683C6 /* TSSTPage.m in Sources */ = {isa = PBXBuildFile; fileRef = 2895F9D80B67D224008683C6 /* TSSTPage.m */; };
		28A2660A1285C34300ED6391 /* Preferences.xib in Resources */ = {isa = PBXBuildFile; fileRef = 28A266081285C34300ED6391 /* Preferences.xib */; };
		28A2660E1285C35700ED6391 /* MainMenu.xib in Resources */ = {isa = PBXBuildFile; fileRef = 28A2660C1285C35700ED6391 /* MainMenu.xib */; };
		28A266161285C3A700ED6391 /* TSSTSessionWindow.xib in Resources */ = {isa = PBXBuildFile; fileRef = 28A266141285C3A700ED6391 /* TSSTSessionWindow.xib */; };
		28A266301285C73200ED6391 /* DTPreferencesController.m in Sources */ = {isa = PBXBuildFile; fileRef = 28A2662F1285C73200ED6391 /* DTPreferencesController.m */; };
		28B34A731013779B006C551C /* DTWindowCategory.m in Sources */ = {isa = PBXBuildFile; fileRef = 28B34A721013779B006C551C /* DTWindowCategory.m */; };
		28BD08E60C9836E600BD7EAF /* Quartz.framework in Frameworks */ = {isa = PBXBuildFile; fileRef = 28BD08E50C9836E600BD7EAF /* Quartz.framework */; };
		28C1D4080DF18251003392B4 /* TSSTManagedSession.m in Sources */ = {isa = PBXBuildFile; fileRef = 2803B2FF0D5E541800CD7906 /* TSSTManagedSession.m */; };
		28C1D5600DF1FE37003392B4 /* QuickLook.framework in Frameworks */ = {isa = PBXBuildFile; fileRef = 28C1D55F0DF1FE37003392B4 /* QuickLook.framework */; };
		28E39CCB10A5CD6900A027A3 /* DTPolishedProgressBar.m in Sources */ = {isa = PBXBuildFile; fileRef = 28E39CCA10A5CD6900A027A3 /* DTPolishedProgressBar.m */; };
		28EF3FC00E9970BD002AD2EE /* UKXattrMetadataStore.m in Sources */ = {isa = PBXBuildFile; fileRef = 28EF3FBF0E9970BD002AD2EE /* UKXattrMetadataStore.m */; };
		28F660461067255600EC8A34 /* Help in Resources */ = {isa = PBXBuildFile; fileRef = 28F6603B1067255600EC8A34 /* Help */; };
		28FA89161094DA53005D6F0C /* TSSTKeyWindow.m in Sources */ = {isa = PBXBuildFile; fileRef = 28F998320A1FF52C0047BD97 /* TSSTKeyWindow.m */; };
		28FAECCF0C7CA801001D7001 /* TSSTThumbnailView.m in Sources */ = {isa = PBXBuildFile; fileRef = 28FAECCD0C7CA801001D7001 /* TSSTThumbnailView.m */; };
		77C8280E06725ACE000B614F /* SimpleComicAppDelegate.m in Sources */ = {isa = PBXBuildFile; fileRef = 77C8280C06725ACE000B614F /* SimpleComicAppDelegate.m */; };
		8D11072D0486CEB800E47090 /* main.m in Sources */ = {isa = PBXBuildFile; fileRef = 29B97316FDCFA39411CA2CEA /* main.m */; settings = {ATTRIBUTES = (); }; };
		8D11072F0486CEB800E47090 /* Cocoa.framework in Frameworks */ = {isa = PBXBuildFile; fileRef = 1058C7A1FEA54F0111CA2CBB /* Cocoa.framework */; };
		B75D0BBC1E4C1AD900BEAAAF /* images.xcassets in Resources */ = {isa = PBXBuildFile; fileRef = B75D0BBB1E4C1AD900BEAAAF /* images.xcassets */; };
		FA9FB53508AADA270085AA55 /* TSSTCustomValueTransformers.m in Sources */ = {isa = PBXBuildFile; fileRef = FA9FB53408AADA270085AA55 /* TSSTCustomValueTransformers.m */; };
/* End PBXBuildFile section */

/* Begin PBXContainerItemProxy section */
		28073E2E0FFC327700D2602B /* PBXContainerItemProxy */ = {
			isa = PBXContainerItemProxy;
			containerPortal = 28073DE20FFC2F8B00D2602B /* QuickComic.xcodeproj */;
			proxyType = 2;
			remoteGlobalIDString = 8D576316048677EA00EA77CD;
			remoteInfo = QuickComic;
		};
		283637F2100A9C16004D9131 /* PBXContainerItemProxy */ = {
			isa = PBXContainerItemProxy;
			containerPortal = 28073DE20FFC2F8B00D2602B /* QuickComic.xcodeproj */;
			proxyType = 1;
			remoteGlobalIDString = 8D57630D048677EA00EA77CD;
			remoteInfo = QuickComic;
		};
/* End PBXContainerItemProxy section */

/* Begin PBXCopyFilesBuildPhase section */
		28073E0A0FFC305400D2602B /* Copy Quicklook plugin */ = {
			isa = PBXCopyFilesBuildPhase;
			buildActionMask = 2147483647;
			dstPath = Contents/Library/QuickLook;
			dstSubfolderSpec = 1;
			files = (
				28073E610FFC347200D2602B /* QuickComic.qlgenerator in Copy Quicklook plugin */,
			);
			name = "Copy Quicklook plugin";
			runOnlyForDeploymentPostprocessing = 0;
		};
		280B6BBA0A1BB34600EE91B0 /* CopyFiles */ = {
			isa = PBXCopyFilesBuildPhase;
			buildActionMask = 2147483647;
			dstPath = "";
			dstSubfolderSpec = 10;
			files = (
				284348140DA95C4A00F602E2 /* XADMaster.framework in CopyFiles */,
			);
			runOnlyForDeploymentPostprocessing = 0;
		};
		28FD56E41224663D006AEB0F /* CopyFiles */ = {
			isa = PBXCopyFilesBuildPhase;
			buildActionMask = 2147483647;
			dstPath = "";
			dstSubfolderSpec = 7;
			files = (
			);
			runOnlyForDeploymentPostprocessing = 0;
		};
/* End PBXCopyFilesBuildPhase section */

/* Begin PBXFileReference section */
		1058C7A1FEA54F0111CA2CBB /* Cocoa.framework */ = {isa = PBXFileReference; lastKnownFileType = wrapper.framework; name = Cocoa.framework; path = /System/Library/Frameworks/Cocoa.framework; sourceTree = "<absolute>"; };
		2803B2FE0D5E541800CD7906 /* TSSTManagedSession.h */ = {isa = PBXFileReference; fileEncoding = 4; lastKnownFileType = sourcecode.c.h; path = TSSTManagedSession.h; sourceTree = "<group>"; };
		2803B2FF0D5E541800CD7906 /* TSSTManagedSession.m */ = {isa = PBXFileReference; fileEncoding = 4; lastKnownFileType = sourcecode.c.objc; path = TSSTManagedSession.m; sourceTree = "<group>"; };
		28073CAF0FF9956500D2602B /* extract.tiff */ = {isa = PBXFileReference; lastKnownFileType = image.tiff; path = extract.tiff; sourceTree = "<group>"; };
		28073DAF0FFB0EED00D2602B /* icon.tiff */ = {isa = PBXFileReference; lastKnownFileType = image.tiff; path = icon.tiff; sourceTree = "<group>"; };
		28073DE20FFC2F8B00D2602B /* QuickComic.xcodeproj */ = {isa = PBXFileReference; lastKnownFileType = "wrapper.pb-project"; name = QuickComic.xcodeproj; path = QuickComic/QuickComic.xcodeproj; sourceTree = "<group>"; };
		280FB7A50CD577730053F375 /* TSSTCustomValueTransformers.h */ = {isa = PBXFileReference; fileEncoding = 4; lastKnownFileType = sourcecode.c.h; path = TSSTCustomValueTransformers.h; sourceTree = "<group>"; };
		2813145A0C0A7D5200EC007B /* English */ = {isa = PBXFileReference; lastKnownFileType = text.rtf; name = English; path = English.lproj/Credits.rtf; sourceTree = "<group>"; };
		2813145D0C0A7D7900EC007B /* English */ = {isa = PBXFileReference; fileEncoding = 30; lastKnownFileType = text.plist.strings; name = English; path = English.lproj/Localizable.strings; sourceTree = "<group>"; };
		281314820C0A7E4900EC007B /* English */ = {isa = PBXFileReference; fileEncoding = 30; lastKnownFileType = text.plist.strings; name = English; path = English.lproj/InfoPlist.strings; sourceTree = "<group>"; };
		281954E70C1201E5001F5E95 /* TSSTManagedGroup.h */ = {isa = PBXFileReference; fileEncoding = 4; lastKnownFileType = sourcecode.c.h; path = TSSTManagedGroup.h; sourceTree = "<group>"; };
		281954E80C1201E5001F5E95 /* TSSTManagedGroup.m */ = {isa = PBXFileReference; fileEncoding = 4; lastKnownFileType = sourcecode.c.objc; path = TSSTManagedGroup.m; sourceTree = "<group>"; };
		28195B410C166DF5001F5E95 /* Info.plist */ = {isa = PBXFileReference; fileEncoding = 30; lastKnownFileType = text.plist.xml; path = Info.plist; sourceTree = "<group>"; };
		283C4D5C0C43DE6800DB4FE9 /* TSSTImageUtilities.m */ = {isa = PBXFileReference; fileEncoding = 30; lastKnownFileType = sourcecode.c.objc; path = TSSTImageUtilities.m; sourceTree = "<group>"; };
		283C4D5D0C43DE6800DB4FE9 /* TSSTImageUtilities.h */ = {isa = PBXFileReference; fileEncoding = 30; lastKnownFileType = sourcecode.c.h; path = TSSTImageUtilities.h; sourceTree = "<group>"; };
		283C4D7B0C43DF5300DB4FE9 /* TSSTBezelWindow.m */ = {isa = PBXFileReference; fileEncoding = 30; lastKnownFileType = sourcecode.c.objc; name = TSSTBezelWindow.m; path = "Custom Windows/Bezel/TSSTBezelWindow.m"; sourceTree = "<group>"; };
		283C4D7C0C43DF5300DB4FE9 /* TSSTBezelWindow.h */ = {isa = PBXFileReference; fileEncoding = 30; lastKnownFileType = sourcecode.c.h; name = TSSTBezelWindow.h; path = "Custom Windows/Bezel/TSSTBezelWindow.h"; sourceTree = "<group>"; };
		284348060DA95C4300F602E2 /* XADMaster.framework */ = {isa = PBXFileReference; lastKnownFileType = wrapper.framework; name = XADMaster.framework; path = Frameworks/XADMaster.framework; sourceTree = "<group>"; };
		284D3819101249BE00A37AB2 /* DTToolbarItems.h */ = {isa = PBXFileReference; fileEncoding = 4; lastKnownFileType = sourcecode.c.h; name = DTToolbarItems.h; path = Session/DTToolbarItems.h; sourceTree = "<group>"; };
		284D381A101249BE00A37AB2 /* DTToolbarItems.m */ = {isa = PBXFileReference; fileEncoding = 4; lastKnownFileType = sourcecode.c.objc; name = DTToolbarItems.m; path = Session/DTToolbarItems.m; sourceTree = "<group>"; };
		2851C59F0FC8651C002927E0 /* dsa_pub.pem */ = {isa = PBXFileReference; fileEncoding = 4; lastKnownFileType = text; path = dsa_pub.pem; sourceTree = "<group>"; };
		285FE32F0F945E2300CD8F96 /* Carbon.framework */ = {isa = PBXFileReference; lastKnownFileType = wrapper.framework; name = Carbon.framework; path = /System/Library/Frameworks/Carbon.framework; sourceTree = "<absolute>"; };
		286236010AADDB6200B83E77 /* QuartzCore.framework */ = {isa = PBXFileReference; lastKnownFileType = wrapper.framework; name = QuartzCore.framework; path = /System/Library/Frameworks/QuartzCore.framework; sourceTree = "<absolute>"; };
		286AB6691159838C0087BA97 /* quicklook.tiff */ = {isa = PBXFileReference; lastKnownFileType = image.tiff; path = quicklook.tiff; sourceTree = "<group>"; };
		286AB6D7115C3CFA0087BA97 /* sc_icon.icns */ = {isa = PBXFileReference; lastKnownFileType = image.icns; path = sc_icon.icns; sourceTree = "<group>"; };
		286AEDB60C4161C20031E3D9 /* TSSTSortDescriptor.m */ = {isa = PBXFileReference; fileEncoding = 4; lastKnownFileType = sourcecode.c.objc; path = TSSTSortDescriptor.m; sourceTree = "<group>"; };
		286BA19A0C4D819400E9D06D /* TSSTInfoWindow.m */ = {isa = PBXFileReference; fileEncoding = 30; lastKnownFileType = sourcecode.c.objc; name = TSSTInfoWindow.m; path = "Progress Bar/TSSTInfoWindow.m"; sourceTree = "<group>"; };
		286BA19B0C4D819400E9D06D /* TSSTInfoWindow.h */ = {isa = PBXFileReference; fileEncoding = 30; lastKnownFileType = sourcecode.c.h; name = TSSTInfoWindow.h; path = "Progress Bar/TSSTInfoWindow.h"; sourceTree = "<group>"; };
		286BA19C0C4D819400E9D06D /* TSSTImageView.m */ = {isa = PBXFileReference; fileEncoding = 30; lastKnownFileType = sourcecode.c.objc; name = TSSTImageView.m; path = "Progress Bar/TSSTImageView.m"; sourceTree = "<group>"; };
		286BA19D0C4D819400E9D06D /* TSSTImageView.h */ = {isa = PBXFileReference; fileEncoding = 30; lastKnownFileType = sourcecode.c.h; name = TSSTImageView.h; path = "Progress Bar/TSSTImageView.h"; sourceTree = "<group>"; };
		288692FA0FED553A002C6BF7 /* 7z.icns */ = {isa = PBXFileReference; lastKnownFileType = image.icns; path = 7z.icns; sourceTree = "<group>"; };
		288692FB0FED553A002C6BF7 /* cbr.icns */ = {isa = PBXFileReference; lastKnownFileType = image.icns; path = cbr.icns; sourceTree = "<group>"; };
		288692FC0FED553A002C6BF7 /* cbz.icns */ = {isa = PBXFileReference; lastKnownFileType = image.icns; path = cbz.icns; sourceTree = "<group>"; };
		288692FD0FED553A002C6BF7 /* lzh.icns */ = {isa = PBXFileReference; lastKnownFileType = image.icns; path = lzh.icns; sourceTree = "<group>"; };
		288692FE0FED553A002C6BF7 /* rar.icns */ = {isa = PBXFileReference; lastKnownFileType = image.icns; path = rar.icns; sourceTree = "<group>"; };
		288693000FED553A002C6BF7 /* zip.icns */ = {isa = PBXFileReference; lastKnownFileType = image.icns; path = zip.icns; sourceTree = "<group>"; };
		2886930A0FED554E002C6BF7 /* Loupe.tiff */ = {isa = PBXFileReference; lastKnownFileType = image.tiff; path = Loupe.tiff; sourceTree = "<group>"; };
		2886930B0FED554E002C6BF7 /* Search.pdf */ = {isa = PBXFileReference; lastKnownFileType = image.pdf; path = Search.pdf; sourceTree = "<group>"; };
		2886930E0FED554E002C6BF7 /* equal.tiff */ = {isa = PBXFileReference; lastKnownFileType = image.tiff; path = equal.tiff; sourceTree = "<group>"; };
		2886930F0FED554E002C6BF7 /* fullscreen.tiff */ = {isa = PBXFileReference; lastKnownFileType = image.tiff; path = fullscreen.tiff; sourceTree = "<group>"; };
		288693100FED554E002C6BF7 /* hor_scale.tiff */ = {isa = PBXFileReference; lastKnownFileType = image.tiff; path = hor_scale.tiff; sourceTree = "<group>"; };
		288693110FED554E002C6BF7 /* lr_order.tiff */ = {isa = PBXFileReference; lastKnownFileType = image.tiff; path = lr_order.tiff; sourceTree = "<group>"; };
		288693120FED554E002C6BF7 /* one_page.tiff */ = {isa = PBXFileReference; lastKnownFileType = image.tiff; path = one_page.tiff; sourceTree = "<group>"; };
		288693130FED554E002C6BF7 /* org_size.tiff */ = {isa = PBXFileReference; lastKnownFileType = image.tiff; path = org_size.tiff; sourceTree = "<group>"; };
		288693160FED554E002C6BF7 /* rl_order.tiff */ = {isa = PBXFileReference; lastKnownFileType = image.tiff; path = rl_order.tiff; sourceTree = "<group>"; };
		288693170FED554E002C6BF7 /* rotate_l.tiff */ = {isa = PBXFileReference; lastKnownFileType = image.tiff; path = rotate_l.tiff; sourceTree = "<group>"; };
		288693180FED554E002C6BF7 /* rotate_r.tiff */ = {isa = PBXFileReference; lastKnownFileType = image.tiff; path = rotate_r.tiff; sourceTree = "<group>"; };
		288693190FED554E002C6BF7 /* thumbnails.tiff */ = {isa = PBXFileReference; lastKnownFileType = image.tiff; path = thumbnails.tiff; sourceTree = "<group>"; };
		2886931A0FED554E002C6BF7 /* two_page.tiff */ = {isa = PBXFileReference; lastKnownFileType = image.tiff; path = two_page.tiff; sourceTree = "<group>"; };
		2886931B0FED554E002C6BF7 /* win_scale.tiff */ = {isa = PBXFileReference; lastKnownFileType = image.tiff; path = win_scale.tiff; sourceTree = "<group>"; };
		2895F9D80B67D224008683C6 /* TSSTPage.m */ = {isa = PBXFileReference; fileEncoding = 4; lastKnownFileType = sourcecode.c.objc; path = TSSTPage.m; sourceTree = "<group>"; };
		28A266091285C34300ED6391 /* English */ = {isa = PBXFileReference; lastKnownFileType = file.xib; name = English; path = English.lproj/Preferences.xib; sourceTree = "<group>"; };
		28A2660D1285C35700ED6391 /* English */ = {isa = PBXFileReference; lastKnownFileType = file.xib; name = English; path = English.lproj/MainMenu.xib; sourceTree = "<group>"; };
		28A266151285C3A700ED6391 /* English */ = {isa = PBXFileReference; lastKnownFileType = file.xib; name = English; path = English.lproj/TSSTSessionWindow.xib; sourceTree = "<group>"; };
		28A2662E1285C73200ED6391 /* DTPreferencesController.h */ = {isa = PBXFileReference; fileEncoding = 4; lastKnownFileType = sourcecode.c.h; path = DTPreferencesController.h; sourceTree = "<group>"; };
		28A2662F1285C73200ED6391 /* DTPreferencesController.m */ = {isa = PBXFileReference; fileEncoding = 4; lastKnownFileType = sourcecode.c.objc; path = DTPreferencesController.m; sourceTree = "<group>"; };
		28A8EAB00B412DE5006C036D /* TSSTPageView.h */ = {isa = PBXFileReference; fileEncoding = 30; lastKnownFileType = sourcecode.c.h; name = TSSTPageView.h; path = Session/TSSTPageView.h; sourceTree = "<group>"; };
		28B34A711013779A006C551C /* DTWindowCategory.h */ = {isa = PBXFileReference; fileEncoding = 4; lastKnownFileType = sourcecode.c.h; name = DTWindowCategory.h; path = "Custom Windows/DTWindowCategory.h"; sourceTree = "<group>"; };
		28B34A721013779B006C551C /* DTWindowCategory.m */ = {isa = PBXFileReference; fileEncoding = 4; lastKnownFileType = sourcecode.c.objc; name = DTWindowCategory.m; path = "Custom Windows/DTWindowCategory.m"; sourceTree = "<group>"; };
		28BD08E50C9836E600BD7EAF /* Quartz.framework */ = {isa = PBXFileReference; lastKnownFileType = wrapper.framework; name = Quartz.framework; path = /System/Library/Frameworks/Quartz.framework; sourceTree = "<absolute>"; };
		28C1D55F0DF1FE37003392B4 /* QuickLook.framework */ = {isa = PBXFileReference; lastKnownFileType = wrapper.framework; name = QuickLook.framework; path = /System/Library/Frameworks/QuickLook.framework; sourceTree = "<absolute>"; };
		28E39CC910A5CD6900A027A3 /* DTPolishedProgressBar.h */ = {isa = PBXFileReference; fileEncoding = 4; lastKnownFileType = sourcecode.c.h; name = DTPolishedProgressBar.h; path = "Progress Bar/DTPolishedProgressBar.h"; sourceTree = "<group>"; };
		28E39CCA10A5CD6900A027A3 /* DTPolishedProgressBar.m */ = {isa = PBXFileReference; fileEncoding = 4; lastKnownFileType = sourcecode.c.objc; name = DTPolishedProgressBar.m; path = "Progress Bar/DTPolishedProgressBar.m"; sourceTree = "<group>"; };
		28EF3FBE0E9970BD002AD2EE /* UKXattrMetadataStore.h */ = {isa = PBXFileReference; fileEncoding = 4; lastKnownFileType = sourcecode.c.h; path = UKXattrMetadataStore.h; sourceTree = "<group>"; };
		28EF3FBF0E9970BD002AD2EE /* UKXattrMetadataStore.m */ = {isa = PBXFileReference; fileEncoding = 4; lastKnownFileType = sourcecode.c.objc; path = UKXattrMetadataStore.m; sourceTree = "<group>"; };
		28F59A9A0B784892003530FB /* TSSTSortDescriptor.h */ = {isa = PBXFileReference; fileEncoding = 4; lastKnownFileType = sourcecode.c.h; path = TSSTSortDescriptor.h; sourceTree = "<group>"; };
		28F5A5F00B7E0F8B003530FB /* TSSTPage.h */ = {isa = PBXFileReference; fileEncoding = 4; lastKnownFileType = sourcecode.c.h; path = TSSTPage.h; sourceTree = "<group>"; };
		28F6603C1067255600EC8A34 /* English */ = {isa = PBXFileReference; lastKnownFileType = folder; name = English; path = English.lproj/Help; sourceTree = "<group>"; };
		28F998310A1FF52C0047BD97 /* TSSTKeyWindow.h */ = {isa = PBXFileReference; fileEncoding = 4; lastKnownFileType = sourcecode.c.h; name = TSSTKeyWindow.h; path = "Custom Windows/Fullscreen/TSSTKeyWindow.h"; sourceTree = "<group>"; };
		28F998320A1FF52C0047BD97 /* TSSTKeyWindow.m */ = {isa = PBXFileReference; fileEncoding = 4; lastKnownFileType = sourcecode.c.objc; name = TSSTKeyWindow.m; path = "Custom Windows/Fullscreen/TSSTKeyWindow.m"; sourceTree = "<group>"; };
		28FA4FA40B8AA28000496668 /* TSSTSessionWindowController.h */ = {isa = PBXFileReference; fileEncoding = 4; lastKnownFileType = sourcecode.c.h; name = TSSTSessionWindowController.h; path = Session/TSSTSessionWindowController.h; sourceTree = "<group>"; };
		28FA4FA50B8AA28000496668 /* TSSTSessionWindowController.m */ = {isa = PBXFileReference; fileEncoding = 4; lastKnownFileType = sourcecode.c.objc; name = TSSTSessionWindowController.m; path = Session/TSSTSessionWindowController.m; sourceTree = "<group>"; };
		28FAECCC0C7CA801001D7001 /* TSSTThumbnailView.h */ = {isa = PBXFileReference; fileEncoding = 4; lastKnownFileType = sourcecode.c.h; name = TSSTThumbnailView.h; path = Session/TSSTThumbnailView.h; sourceTree = "<group>"; };
		28FAECCD0C7CA801001D7001 /* TSSTThumbnailView.m */ = {isa = PBXFileReference; fileEncoding = 4; lastKnownFileType = sourcecode.c.objc; name = TSSTThumbnailView.m; path = Session/TSSTThumbnailView.m; sourceTree = "<group>"; };
		29B97316FDCFA39411CA2CEA /* main.m */ = {isa = PBXFileReference; fileEncoding = 4; lastKnownFileType = sourcecode.c.objc; path = main.m; sourceTree = "<group>"; };
		29B97324FDCFA39411CA2CEA /* AppKit.framework */ = {isa = PBXFileReference; lastKnownFileType = wrapper.framework; name = AppKit.framework; path = /System/Library/Frameworks/AppKit.framework; sourceTree = "<absolute>"; };
		29B97325FDCFA39411CA2CEA /* Foundation.framework */ = {isa = PBXFileReference; lastKnownFileType = wrapper.framework; name = Foundation.framework; path = /System/Library/Frameworks/Foundation.framework; sourceTree = "<absolute>"; };
		32CA4F630368D1EE00C91783 /* SimpleComic_Prefix.pch */ = {isa = PBXFileReference; fileEncoding = 4; lastKnownFileType = sourcecode.c.h; path = SimpleComic_Prefix.pch; sourceTree = "<group>"; };
		770B37EC0679A11B001EADE2 /* Sessions_DataModel.xcdatamodel */ = {isa = PBXFileReference; fileEncoding = 4; lastKnownFileType = wrapper.xcdatamodel; path = Sessions_DataModel.xcdatamodel; sourceTree = "<group>"; };
		77C82804067257F0000B614F /* CoreData.framework */ = {isa = PBXFileReference; lastKnownFileType = wrapper.framework; name = CoreData.framework; path = /System/Library/Frameworks/CoreData.framework; sourceTree = "<absolute>"; };
		77C8280B06725ACE000B614F /* SimpleComicAppDelegate.h */ = {isa = PBXFileReference; fileEncoding = 4; lastKnownFileType = sourcecode.c.h; path = SimpleComicAppDelegate.h; sourceTree = "<group>"; };
		77C8280C06725ACE000B614F /* SimpleComicAppDelegate.m */ = {isa = PBXFileReference; fileEncoding = 4; lastKnownFileType = sourcecode.c.objc; path = SimpleComicAppDelegate.m; sourceTree = "<group>"; };
		8D1107320486CEB800E47090 /* Simple Comic.app */ = {isa = PBXFileReference; explicitFileType = wrapper.application; includeInIndex = 0; path = "Simple Comic.app"; sourceTree = BUILT_PRODUCTS_DIR; };
		B75D0BBB1E4C1AD900BEAAAF /* images.xcassets */ = {isa = PBXFileReference; lastKnownFileType = folder.assetcatalog; path = images.xcassets; sourceTree = "<group>"; };
		FA7257EF08A6CE2E006A2A19 /* TSSTPageView.m */ = {isa = PBXFileReference; fileEncoding = 4; lastKnownFileType = sourcecode.c.objc; name = TSSTPageView.m; path = Session/TSSTPageView.m; sourceTree = "<group>"; };
		FA9FB53408AADA270085AA55 /* TSSTCustomValueTransformers.m */ = {isa = PBXFileReference; fileEncoding = 30; lastKnownFileType = sourcecode.c.objc; path = TSSTCustomValueTransformers.m; sourceTree = "<group>"; };
/* End PBXFileReference section */

/* Begin PBXFrameworksBuildPhase section */
		8D11072E0486CEB800E47090 /* Frameworks */ = {
			isa = PBXFrameworksBuildPhase;
			buildActionMask = 2147483647;
			files = (
				284348CE0DA95C5300F602E2 /* XADMaster.framework in Frameworks */,
				8D11072F0486CEB800E47090 /* Cocoa.framework in Frameworks */,
				286236020AADDB6200B83E77 /* QuartzCore.framework in Frameworks */,
				28BD08E60C9836E600BD7EAF /* Quartz.framework in Frameworks */,
				28C1D5600DF1FE37003392B4 /* QuickLook.framework in Frameworks */,
				285FE3300F945E2300CD8F96 /* Carbon.framework in Frameworks */,
			);
			runOnlyForDeploymentPostprocessing = 0;
		};
/* End PBXFrameworksBuildPhase section */

/* Begin PBXGroup section */
		080E96DDFE201D6D7F000001 /* Classes */ = {
			isa = PBXGroup;
			children = (
				77C8280B06725ACE000B614F /* SimpleComicAppDelegate.h */,
				77C8280C06725ACE000B614F /* SimpleComicAppDelegate.m */,
				FAA1C3E808BAB158006F7EC4 /* Session */,
				288C0C420DCDAB7200EAFF46 /* Thumbnail View */,
				289CD7620BF15CCC00B5AE01 /* Progress Bar */,
				28195CFA0C179DBD001F5E95 /* Fullscreen */,
				FA9FB59508AAE3690085AA55 /* Preferences */,
				28FA4DD50B8A6F3B00496668 /* Managed Objects */,
				281C0DC40CEEA16D009A9696 /* Helpers */,
			);
			name = Classes;
			sourceTree = "<group>";
		};
		1058C7A0FEA54F0111CA2CBB /* Linked Frameworks */ = {
			isa = PBXGroup;
			children = (
				285FE32F0F945E2300CD8F96 /* Carbon.framework */,
				28C1D55F0DF1FE37003392B4 /* QuickLook.framework */,
				28BD08E50C9836E600BD7EAF /* Quartz.framework */,
				286236010AADDB6200B83E77 /* QuartzCore.framework */,
				1058C7A1FEA54F0111CA2CBB /* Cocoa.framework */,
			);
			name = "Linked Frameworks";
			sourceTree = "<group>";
		};
		1058C7A2FEA54F0111CA2CBB /* Other Frameworks */ = {
			isa = PBXGroup;
			children = (
				284348060DA95C4300F602E2 /* XADMaster.framework */,
				77C82804067257F0000B614F /* CoreData.framework */,
				29B97325FDCFA39411CA2CEA /* Foundation.framework */,
				29B97324FDCFA39411CA2CEA /* AppKit.framework */,
			);
			name = "Other Frameworks";
			sourceTree = "<group>";
		};
		19C28FACFE9D520D11CA2CBB /* Products */ = {
			isa = PBXGroup;
			children = (
				8D1107320486CEB800E47090 /* Simple Comic.app */,
			);
			name = Products;
			sourceTree = "<group>";
		};
		28073E2B0FFC327700D2602B /* Products */ = {
			isa = PBXGroup;
			children = (
				28073E2F0FFC327700D2602B /* QuickComic.qlgenerator */,
			);
			name = Products;
			sourceTree = "<group>";
		};
		28195CFA0C179DBD001F5E95 /* Fullscreen */ = {
			isa = PBXGroup;
			children = (
				283C4D7C0C43DF5300DB4FE9 /* TSSTBezelWindow.h */,
				283C4D7B0C43DF5300DB4FE9 /* TSSTBezelWindow.m */,
				28F998310A1FF52C0047BD97 /* TSSTKeyWindow.h */,
				28F998320A1FF52C0047BD97 /* TSSTKeyWindow.m */,
			);
			name = Fullscreen;
			sourceTree = "<group>";
		};
		281C0DC40CEEA16D009A9696 /* Helpers */ = {
			isa = PBXGroup;
			children = (
				283C4D5D0C43DE6800DB4FE9 /* TSSTImageUtilities.h */,
				283C4D5C0C43DE6800DB4FE9 /* TSSTImageUtilities.m */,
				28EF3FBE0E9970BD002AD2EE /* UKXattrMetadataStore.h */,
				28EF3FBF0E9970BD002AD2EE /* UKXattrMetadataStore.m */,
				28F59A9A0B784892003530FB /* TSSTSortDescriptor.h */,
				286AEDB60C4161C20031E3D9 /* TSSTSortDescriptor.m */,
				280FB7A50CD577730053F375 /* TSSTCustomValueTransformers.h */,
				FA9FB53408AADA270085AA55 /* TSSTCustomValueTransformers.m */,
			);
			path = Helpers;
			sourceTree = "<group>";
		};
		288692F90FED553A002C6BF7 /* icons */ = {
			isa = PBXGroup;
			children = (
				286AB6D7115C3CFA0087BA97 /* sc_icon.icns */,
				288692FA0FED553A002C6BF7 /* 7z.icns */,
				288692FB0FED553A002C6BF7 /* cbr.icns */,
				288692FC0FED553A002C6BF7 /* cbz.icns */,
				288692FD0FED553A002C6BF7 /* lzh.icns */,
				288692FE0FED553A002C6BF7 /* rar.icns */,
				288693000FED553A002C6BF7 /* zip.icns */,
			);
			path = icons;
			sourceTree = "<group>";
		};
		288693080FED554E002C6BF7 /* images */ = {
			isa = PBXGroup;
			children = (
				286AB6691159838C0087BA97 /* quicklook.tiff */,
				28073DAF0FFB0EED00D2602B /* icon.tiff */,
				28073CAF0FF9956500D2602B /* extract.tiff */,
				2886930A0FED554E002C6BF7 /* Loupe.tiff */,
				2886930B0FED554E002C6BF7 /* Search.pdf */,
				2886930E0FED554E002C6BF7 /* equal.tiff */,
				2886930F0FED554E002C6BF7 /* fullscreen.tiff */,
				288693100FED554E002C6BF7 /* hor_scale.tiff */,
				2886931B0FED554E002C6BF7 /* win_scale.tiff */,
				288693130FED554E002C6BF7 /* org_size.tiff */,
				288693110FED554E002C6BF7 /* lr_order.tiff */,
				288693160FED554E002C6BF7 /* rl_order.tiff */,
				288693170FED554E002C6BF7 /* rotate_l.tiff */,
				288693180FED554E002C6BF7 /* rotate_r.tiff */,
				288693120FED554E002C6BF7 /* one_page.tiff */,
				2886931A0FED554E002C6BF7 /* two_page.tiff */,
				288693190FED554E002C6BF7 /* thumbnails.tiff */,
			);
			path = images;
			sourceTree = "<group>";
		};
		288C0C420DCDAB7200EAFF46 /* Thumbnail View */ = {
			isa = PBXGroup;
			children = (
				28FAECCC0C7CA801001D7001 /* TSSTThumbnailView.h */,
				28FAECCD0C7CA801001D7001 /* TSSTThumbnailView.m */,
			);
			name = "Thumbnail View";
			sourceTree = "<group>";
		};
		289CD7620BF15CCC00B5AE01 /* Progress Bar */ = {
			isa = PBXGroup;
			children = (
				28E39CC910A5CD6900A027A3 /* DTPolishedProgressBar.h */,
				28E39CCA10A5CD6900A027A3 /* DTPolishedProgressBar.m */,
				286BA19B0C4D819400E9D06D /* TSSTInfoWindow.h */,
				286BA19A0C4D819400E9D06D /* TSSTInfoWindow.m */,
				286BA19D0C4D819400E9D06D /* TSSTImageView.h */,
				286BA19C0C4D819400E9D06D /* TSSTImageView.m */,
			);
			name = "Progress Bar";
			sourceTree = "<group>";
		};
		28FA4DD50B8A6F3B00496668 /* Managed Objects */ = {
			isa = PBXGroup;
			children = (
				28F5A5F00B7E0F8B003530FB /* TSSTPage.h */,
				2895F9D80B67D224008683C6 /* TSSTPage.m */,
				281954E70C1201E5001F5E95 /* TSSTManagedGroup.h */,
				281954E80C1201E5001F5E95 /* TSSTManagedGroup.m */,
				2803B2FE0D5E541800CD7906 /* TSSTManagedSession.h */,
				2803B2FF0D5E541800CD7906 /* TSSTManagedSession.m */,
			);
			path = "Managed Objects";
			sourceTree = "<group>";
		};
		29B97314FDCFA39411CA2CEA /* MetaComic */ = {
			isa = PBXGroup;
			children = (
				7756732906782D8800D1FEB8 /* Models */,
				080E96DDFE201D6D7F000001 /* Classes */,
				28073DE20FFC2F8B00D2602B /* QuickComic.xcodeproj */,
				29B97315FDCFA39411CA2CEA /* Other Sources */,
				29B97317FDCFA39411CA2CEA /* Resources */,
				29B97323FDCFA39411CA2CEA /* Frameworks */,
				19C28FACFE9D520D11CA2CBB /* Products */,
			);
			name = MetaComic;
			sourceTree = "<group>";
		};
		29B97315FDCFA39411CA2CEA /* Other Sources */ = {
			isa = PBXGroup;
			children = (
				32CA4F630368D1EE00C91783 /* SimpleComic_Prefix.pch */,
				29B97316FDCFA39411CA2CEA /* main.m */,
			);
			name = "Other Sources";
			sourceTree = "<group>";
		};
		29B97317FDCFA39411CA2CEA /* Resources */ = {
			isa = PBXGroup;
			children = (
				B75D0BBB1E4C1AD900BEAAAF /* images.xcassets */,
				28A266081285C34300ED6391 /* Preferences.xib */,
				28A2660C1285C35700ED6391 /* MainMenu.xib */,
				28A266141285C3A700ED6391 /* TSSTSessionWindow.xib */,
				28F6603B1067255600EC8A34 /* Help */,
				288693080FED554E002C6BF7 /* images */,
				288692F90FED553A002C6BF7 /* icons */,
				2851C59F0FC8651C002927E0 /* dsa_pub.pem */,
				28195B410C166DF5001F5E95 /* Info.plist */,
				281314810C0A7E4900EC007B /* InfoPlist.strings */,
				2813145C0C0A7D7900EC007B /* Localizable.strings */,
				281314590C0A7D5200EC007B /* Credits.rtf */,
			);
			name = Resources;
			sourceTree = "<group>";
		};
		29B97323FDCFA39411CA2CEA /* Frameworks */ = {
			isa = PBXGroup;
			children = (
				1058C7A0FEA54F0111CA2CBB /* Linked Frameworks */,
				1058C7A2FEA54F0111CA2CBB /* Other Frameworks */,
			);
			name = Frameworks;
			sourceTree = "<group>";
		};
		7756732906782D8800D1FEB8 /* Models */ = {
			isa = PBXGroup;
			children = (
				287D0C0310F058BB00207768 /* Sessions_DataModel.xcdatamodeld */,
			);
			name = Models;
			sourceTree = "<group>";
		};
		FA9FB59508AAE3690085AA55 /* Preferences */ = {
			isa = PBXGroup;
			children = (
				28A2662E1285C73200ED6391 /* DTPreferencesController.h */,
				28A2662F1285C73200ED6391 /* DTPreferencesController.m */,
			);
			path = Preferences;
			sourceTree = "<group>";
		};
		FAA1C3E808BAB158006F7EC4 /* Session */ = {
			isa = PBXGroup;
			children = (
				28FA4FA40B8AA28000496668 /* TSSTSessionWindowController.h */,
				28FA4FA50B8AA28000496668 /* TSSTSessionWindowController.m */,
				28A8EAB00B412DE5006C036D /* TSSTPageView.h */,
				FA7257EF08A6CE2E006A2A19 /* TSSTPageView.m */,
				284D3819101249BE00A37AB2 /* DTToolbarItems.h */,
				284D381A101249BE00A37AB2 /* DTToolbarItems.m */,
				28B34A711013779A006C551C /* DTWindowCategory.h */,
				28B34A721013779B006C551C /* DTWindowCategory.m */,
			);
			name = Session;
			sourceTree = "<group>";
		};
/* End PBXGroup section */

/* Begin PBXNativeTarget section */
		8D1107260486CEB800E47090 /* Simple Comic */ = {
			isa = PBXNativeTarget;
			buildConfigurationList = FA7257E208A6CDEB006A2A19 /* Build configuration list for PBXNativeTarget "Simple Comic" */;
			buildPhases = (
				8D11072C0486CEB800E47090 /* Sources */,
				8D11072E0486CEB800E47090 /* Frameworks */,
				280B6BBA0A1BB34600EE91B0 /* CopyFiles */,
				8D1107290486CEB800E47090 /* Resources */,
				28073E0A0FFC305400D2602B /* Copy Quicklook plugin */,
				28FD56E41224663D006AEB0F /* CopyFiles */,
			);
			buildRules = (
			);
			dependencies = (
				283637F3100A9C16004D9131 /* PBXTargetDependency */,
			);
			name = "Simple Comic";
			productInstallPath = "$(HOME)/Applications";
			productName = MetaComic;
			productReference = 8D1107320486CEB800E47090 /* Simple Comic.app */;
			productType = "com.apple.product-type.application";
		};
/* End PBXNativeTarget section */

/* Begin PBXProject section */
		29B97313FDCFA39411CA2CEA /* Project object */ = {
			isa = PBXProject;
			attributes = {
				LastUpgradeCheck = 0500;
			};
			buildConfigurationList = FA7257E608A6CDEB006A2A19 /* Build configuration list for PBXProject "SimpleComic" */;
			compatibilityVersion = "Xcode 3.2";
			developmentRegion = English;
			hasScannedForEncodings = 1;
			knownRegions = (
				English,
				Japanese,
				French,
				German,
				zh_TW,
				ko,
				Korean,
				Portuguese,
				Italian,
			);
			mainGroup = 29B97314FDCFA39411CA2CEA /* MetaComic */;
			projectDirPath = "";
			projectReferences = (
				{
					ProductGroup = 28073E2B0FFC327700D2602B /* Products */;
					ProjectRef = 28073DE20FFC2F8B00D2602B /* QuickComic.xcodeproj */;
				},
			);
			projectRoot = "";
			targets = (
				8D1107260486CEB800E47090 /* Simple Comic */,
			);
		};
/* End PBXProject section */

/* Begin PBXReferenceProxy section */
		28073E2F0FFC327700D2602B /* QuickComic.qlgenerator */ = {
			isa = PBXReferenceProxy;
			fileType = wrapper.cfbundle;
			path = QuickComic.qlgenerator;
			remoteRef = 28073E2E0FFC327700D2602B /* PBXContainerItemProxy */;
			sourceTree = BUILT_PRODUCTS_DIR;
		};
/* End PBXReferenceProxy section */

/* Begin PBXResourcesBuildPhase section */
		8D1107290486CEB800E47090 /* Resources */ = {
			isa = PBXResourcesBuildPhase;
			buildActionMask = 2147483647;
			files = (
				2813145B0C0A7D5200EC007B /* Credits.rtf in Resources */,
				2813145E0C0A7D7900EC007B /* Localizable.strings in Resources */,
				281314830C0A7E4900EC007B /* InfoPlist.strings in Resources */,
				2851C5A00FC8651C002927E0 /* dsa_pub.pem in Resources */,
				288693010FED553A002C6BF7 /* 7z.icns in Resources */,
				288693020FED553A002C6BF7 /* cbr.icns in Resources */,
				288693030FED553A002C6BF7 /* cbz.icns in Resources */,
				288693040FED553A002C6BF7 /* lzh.icns in Resources */,
				288693050FED553A002C6BF7 /* rar.icns in Resources */,
				B75D0BBC1E4C1AD900BEAAAF /* images.xcassets in Resources */,
				288693070FED553A002C6BF7 /* zip.icns in Resources */,
				2886931D0FED554E002C6BF7 /* Loupe.tiff in Resources */,
				288693210FED554E002C6BF7 /* equal.tiff in Resources */,
				288693230FED554E002C6BF7 /* hor_scale.tiff in Resources */,
				288693240FED554E002C6BF7 /* lr_order.tiff in Resources */,
				288693250FED554E002C6BF7 /* one_page.tiff in Resources */,
				288693260FED554E002C6BF7 /* org_size.tiff in Resources */,
				288693290FED554E002C6BF7 /* rl_order.tiff in Resources */,
				2886932A0FED554E002C6BF7 /* rotate_l.tiff in Resources */,
				2886932B0FED554E002C6BF7 /* rotate_r.tiff in Resources */,
				2886932C0FED554E002C6BF7 /* thumbnails.tiff in Resources */,
				2886932D0FED554E002C6BF7 /* two_page.tiff in Resources */,
				2886932E0FED554E002C6BF7 /* win_scale.tiff in Resources */,
				28073CB00FF9956600D2602B /* extract.tiff in Resources */,
				28F660461067255600EC8A34 /* Help in Resources */,
				286AB66A1159838C0087BA97 /* quicklook.tiff in Resources */,
				286AB6D8115C3CFA0087BA97 /* sc_icon.icns in Resources */,
				28A2660A1285C34300ED6391 /* Preferences.xib in Resources */,
				28A2660E1285C35700ED6391 /* MainMenu.xib in Resources */,
				28A266161285C3A700ED6391 /* TSSTSessionWindow.xib in Resources */,
			);
			runOnlyForDeploymentPostprocessing = 0;
		};
/* End PBXResourcesBuildPhase section */

/* Begin PBXSourcesBuildPhase section */
		8D11072C0486CEB800E47090 /* Sources */ = {
			isa = PBXSourcesBuildPhase;
			buildActionMask = 2147483647;
			files = (
				8D11072D0486CEB800E47090 /* main.m in Sources */,
				77C8280E06725ACE000B614F /* SimpleComicAppDelegate.m in Sources */,
				FA9FB53508AADA270085AA55 /* TSSTCustomValueTransformers.m in Sources */,
				2895F9DA0B67D224008683C6 /* TSSTPage.m in Sources */,
				286BA1110C4D5F3100E9D06D /* TSSTSessionWindowController.m in Sources */,
				285B4A700B9B9F23006A4727 /* TSSTPageView.m in Sources */,
				281954EA0C1201E6001F5E95 /* TSSTManagedGroup.m in Sources */,
				286AEDB70C4161C20031E3D9 /* TSSTSortDescriptor.m in Sources */,
				283C4D5E0C43DE6900DB4FE9 /* TSSTImageUtilities.m in Sources */,
				286BA19E0C4D819400E9D06D /* TSSTInfoWindow.m in Sources */,
				286BA1A00C4D819400E9D06D /* TSSTImageView.m in Sources */,
				28FAECCF0C7CA801001D7001 /* TSSTThumbnailView.m in Sources */,
				281C0D700CEE6FBA009A9696 /* TSSTBezelWindow.m in Sources */,
				28C1D4080DF18251003392B4 /* TSSTManagedSession.m in Sources */,
				28EF3FC00E9970BD002AD2EE /* UKXattrMetadataStore.m in Sources */,
				284D381B101249BE00A37AB2 /* DTToolbarItems.m in Sources */,
				28B34A731013779B006C551C /* DTWindowCategory.m in Sources */,
				28FA89161094DA53005D6F0C /* TSSTKeyWindow.m in Sources */,
				28E39CCB10A5CD6900A027A3 /* DTPolishedProgressBar.m in Sources */,
				287D0C1210F0595900207768 /* Sessions_DataModel.xcdatamodel in Sources */,
				28A266301285C73200ED6391 /* DTPreferencesController.m in Sources */,
			);
			runOnlyForDeploymentPostprocessing = 0;
		};
/* End PBXSourcesBuildPhase section */

/* Begin PBXTargetDependency section */
		283637F3100A9C16004D9131 /* PBXTargetDependency */ = {
			isa = PBXTargetDependency;
			name = QuickComic;
			targetProxy = 283637F2100A9C16004D9131 /* PBXContainerItemProxy */;
		};
/* End PBXTargetDependency section */

/* Begin PBXVariantGroup section */
		281314590C0A7D5200EC007B /* Credits.rtf */ = {
			isa = PBXVariantGroup;
			children = (
				2813145A0C0A7D5200EC007B /* English */,
			);
			name = Credits.rtf;
			sourceTree = "<group>";
		};
		2813145C0C0A7D7900EC007B /* Localizable.strings */ = {
			isa = PBXVariantGroup;
			children = (
				2813145D0C0A7D7900EC007B /* English */,
			);
			name = Localizable.strings;
			sourceTree = "<group>";
		};
		281314810C0A7E4900EC007B /* InfoPlist.strings */ = {
			isa = PBXVariantGroup;
			children = (
				281314820C0A7E4900EC007B /* English */,
			);
			name = InfoPlist.strings;
			sourceTree = "<group>";
		};
		28A266081285C34300ED6391 /* Preferences.xib */ = {
			isa = PBXVariantGroup;
			children = (
				28A266091285C34300ED6391 /* English */,
			);
			name = Preferences.xib;
			sourceTree = "<group>";
		};
		28A2660C1285C35700ED6391 /* MainMenu.xib */ = {
			isa = PBXVariantGroup;
			children = (
				28A2660D1285C35700ED6391 /* English */,
			);
			name = MainMenu.xib;
			sourceTree = "<group>";
		};
		28A266141285C3A700ED6391 /* TSSTSessionWindow.xib */ = {
			isa = PBXVariantGroup;
			children = (
				28A266151285C3A700ED6391 /* English */,
			);
			name = TSSTSessionWindow.xib;
			sourceTree = "<group>";
		};
		28F6603B1067255600EC8A34 /* Help */ = {
			isa = PBXVariantGroup;
			children = (
				28F6603C1067255600EC8A34 /* English */,
			);
			name = Help;
			sourceTree = "<group>";
		};
/* End PBXVariantGroup section */

/* Begin XCBuildConfiguration section */
		FA7257E308A6CDEB006A2A19 /* Debug */ = {
			isa = XCBuildConfiguration;
			buildSettings = {
				COMBINE_HIDPI_IMAGES = YES;
				COPY_PHASE_STRIP = NO;
				FRAMEWORK_SEARCH_PATHS = "$(SRCROOT)/Frameworks";
				GCC_DYNAMIC_NO_PIC = NO;
				GCC_ENABLE_OBJC_EXCEPTIONS = YES;
				GCC_GENERATE_DEBUGGING_SYMBOLS = YES;
				GCC_MODEL_TUNING = G4;
				GCC_PRECOMPILE_PREFIX_HEADER = YES;
				GCC_PREFIX_HEADER = SimpleComic_Prefix.pch;
				GCC_WARN_ABOUT_RETURN_TYPE = YES;
				GCC_WARN_MISSING_PARENTHESES = NO;
				GCC_WARN_UNUSED_VARIABLE = YES;
				HEADER_SEARCH_PATHS = "";
				INFOPLIST_FILE = Info.plist;
				LD_RUNPATH_SEARCH_PATHS = "@loader_path/../Frameworks";
				LIBRARY_SEARCH_PATHS = "$(SRCROOT)";
				OTHER_LDFLAGS = "";
				PRODUCT_NAME = "Simple Comic";
				WRAPPER_EXTENSION = app;
				ZERO_LINK = NO;
			};
			name = Debug;
		};
		FA7257E408A6CDEB006A2A19 /* Release */ = {
			isa = XCBuildConfiguration;
			buildSettings = {
				COMBINE_HIDPI_IMAGES = YES;
				COPY_PHASE_STRIP = YES;
				DEAD_CODE_STRIPPING = YES;
				FRAMEWORK_SEARCH_PATHS = "$(SRCROOT)/Frameworks";
				GCC_ENABLE_OBJC_EXCEPTIONS = YES;
				GCC_ENABLE_PASCAL_STRINGS = NO;
				GCC_ENABLE_SSE3_EXTENSIONS = YES;
				GCC_ENABLE_SUPPLEMENTAL_SSE3_INSTRUCTIONS = YES;
				GCC_GENERATE_DEBUGGING_SYMBOLS = NO;
				GCC_PRECOMPILE_PREFIX_HEADER = YES;
				GCC_PREFIX_HEADER = SimpleComic_Prefix.pch;
				GCC_THREADSAFE_STATICS = YES;
				GCC_WARN_UNUSED_FUNCTION = YES;
				GCC_WARN_UNUSED_VARIABLE = YES;
				HEADER_SEARCH_PATHS = "";
				INFOPLIST_FILE = Info.plist;
				LD_RUNPATH_SEARCH_PATHS = "@loader_path/../Frameworks";
				LIBRARY_SEARCH_PATHS = "$(SRCROOT)";
				OTHER_CFLAGS = "-mdynamic-no-pic";
				PRODUCT_NAME = "Simple Comic";
				STRIP_INSTALLED_PRODUCT = YES;
				WRAPPER_EXTENSION = app;
			};
			name = Release;
		};
		FA7257E508A6CDEB006A2A19 /* Default */ = {
			isa = XCBuildConfiguration;
			buildSettings = {
				COMBINE_HIDPI_IMAGES = YES;
				FRAMEWORK_SEARCH_PATHS = "$(SRCROOT)/Frameworks";
				GCC_AUTO_VECTORIZATION = YES;
				GCC_ENABLE_OBJC_EXCEPTIONS = YES;
				GCC_FAST_OBJC_DISPATCH = YES;
				GCC_GENERATE_DEBUGGING_SYMBOLS = NO;
				GCC_MODEL_TUNING = G4;
				GCC_PRECOMPILE_PREFIX_HEADER = YES;
				GCC_PREFIX_HEADER = SimpleComic_Prefix.pch;
				GCC_UNROLL_LOOPS = YES;
				GCC_WARN_ABOUT_RETURN_TYPE = YES;
				GCC_WARN_MISSING_PARENTHESES = NO;
				GCC_WARN_UNUSED_VARIABLE = YES;
				HEADER_SEARCH_PATHS = "";
				INFOPLIST_FILE = Info.plist;
				LD_RUNPATH_SEARCH_PATHS = "@loader_path/../Frameworks";
				LIBRARY_SEARCH_PATHS = "$(SRCROOT)";
				OTHER_LDFLAGS = (
					"-lz",
					"-lstdc++",
				);
				PRODUCT_NAME = "Simple Comic";
				WRAPPER_EXTENSION = app;
			};
			name = Default;
		};
		FA7257E708A6CDEB006A2A19 /* Debug */ = {
			isa = XCBuildConfiguration;
			buildSettings = {
				CLANG_WARN_BOOL_CONVERSION = YES;
				CLANG_WARN_CONSTANT_CONVERSION = YES;
				CLANG_WARN_EMPTY_BODY = YES;
				CLANG_WARN_ENUM_CONVERSION = YES;
				CLANG_WARN_INT_CONVERSION = YES;
				CLANG_WARN__DUPLICATE_METHOD_MATCH = YES;
				GCC_OPTIMIZATION_LEVEL = 0;
				GCC_PREFIX_HEADER = "";
				GCC_WARN_ABOUT_RETURN_TYPE = YES;
				GCC_WARN_UNDECLARED_SELECTOR = YES;
				GCC_WARN_UNINITIALIZED_AUTOS = YES;
				GCC_WARN_UNUSED_FUNCTION = YES;
				GCC_WARN_UNUSED_VARIABLE = YES;
				MACOSX_DEPLOYMENT_TARGET = 10.10;
				ONLY_ACTIVE_ARCH = YES;
			};
			name = Debug;
		};
		FA7257E808A6CDEB006A2A19 /* Release */ = {
			isa = XCBuildConfiguration;
			buildSettings = {
				CLANG_WARN_BOOL_CONVERSION = YES;
				CLANG_WARN_CONSTANT_CONVERSION = YES;
				CLANG_WARN_EMPTY_BODY = YES;
				CLANG_WARN_ENUM_CONVERSION = YES;
				CLANG_WARN_INT_CONVERSION = YES;
				CLANG_WARN__DUPLICATE_METHOD_MATCH = YES;
				GCC_PREFIX_HEADER = "";
				GCC_WARN_ABOUT_RETURN_TYPE = YES;
				GCC_WARN_UNDECLARED_SELECTOR = YES;
				GCC_WARN_UNINITIALIZED_AUTOS = YES;
				GCC_WARN_UNUSED_FUNCTION = YES;
				GCC_WARN_UNUSED_VARIABLE = YES;
				MACOSX_DEPLOYMENT_TARGET = 10.10;
			};
			name = Release;
		};
		FA7257E908A6CDEB006A2A19 /* Default */ = {
			isa = XCBuildConfiguration;
			buildSettings = {
				CLANG_WARN_BOOL_CONVERSION = YES;
				CLANG_WARN_CONSTANT_CONVERSION = YES;
				CLANG_WARN_EMPTY_BODY = YES;
				CLANG_WARN_ENUM_CONVERSION = YES;
				CLANG_WARN_INT_CONVERSION = YES;
				CLANG_WARN__DUPLICATE_METHOD_MATCH = YES;
				GCC_PREFIX_HEADER = "";
				GCC_WARN_ABOUT_RETURN_TYPE = YES;
				GCC_WARN_UNDECLARED_SELECTOR = YES;
				GCC_WARN_UNINITIALIZED_AUTOS = YES;
				GCC_WARN_UNUSED_FUNCTION = YES;
				GCC_WARN_UNUSED_VARIABLE = YES;
				MACOSX_DEPLOYMENT_TARGET = 10.10;
			};
			name = Default;
		};
/* End XCBuildConfiguration section */

/* Begin XCConfigurationList section */
		FA7257E208A6CDEB006A2A19 /* Build configuration list for PBXNativeTarget "Simple Comic" */ = {
			isa = XCConfigurationList;
			buildConfigurations = (
				FA7257E308A6CDEB006A2A19 /* Debug */,
				FA7257E408A6CDEB006A2A19 /* Release */,
				FA7257E508A6CDEB006A2A19 /* Default */,
			);
			defaultConfigurationIsVisible = 0;
			defaultConfigurationName = Default;
		};
		FA7257E608A6CDEB006A2A19 /* Build configuration list for PBXProject "SimpleComic" */ = {
			isa = XCConfigurationList;
			buildConfigurations = (
				FA7257E708A6CDEB006A2A19 /* Debug */,
				FA7257E808A6CDEB006A2A19 /* Release */,
				FA7257E908A6CDEB006A2A19 /* Default */,
			);
			defaultConfigurationIsVisible = 0;
			defaultConfigurationName = Default;
		};
/* End XCConfigurationList section */

/* Begin XCVersionGroup section */
		287D0C0310F058BB00207768 /* Sessions_DataModel.xcdatamodeld */ = {
			isa = XCVersionGroup;
			children = (
				770B37EC0679A11B001EADE2 /* Sessions_DataModel.xcdatamodel */,
			);
			currentVersion = 770B37EC0679A11B001EADE2 /* Sessions_DataModel.xcdatamodel */;
			path = Sessions_DataModel.xcdatamodeld;
			sourceTree = "<group>";
			versionGroupType = wrapper.xcdatamodel;
		};
/* End XCVersionGroup section */
	};
	rootObject = 29B97313FDCFA39411CA2CEA /* Project object */;
}
